
Microsoft Visual Studio Solution File, Format Version 12.00
# Visual Studio 14
VisualStudioVersion = 14.0.25420.1
MinimumVisualStudioVersion = 10.0.40219.1
Project("{FAE04EC0-301F-11D3-BF4B-00C04F79EFBC}") = "Computator.NET", "Computator.NET\Computator.NET.csproj", "{5731ED79-DFC9-41D5-8A2E-82C578AD1D96}"
	ProjectSection(ProjectDependencies) = postProject
		{31264A50-A9B4-410C-85BB-EC81D5076747} = {31264A50-A9B4-410C-85BB-EC81D5076747}
		{715165A2-D015-42AE-9381-5563204F8508} = {715165A2-D015-42AE-9381-5563204F8508}
	EndProjectSection
EndProject
Project("{FAE04EC0-301F-11D3-BF4B-00C04F79EFBC}") = "Computator.NET.Charting", "Computator.NET.Charting\Computator.NET.Charting.csproj", "{31264A50-A9B4-410C-85BB-EC81D5076747}"
	ProjectSection(ProjectDependencies) = postProject
		{715165A2-D015-42AE-9381-5563204F8508} = {715165A2-D015-42AE-9381-5563204F8508}
	EndProjectSection
EndProject
Project("{6141683F-8A12-4E36-9623-2EB02B2C2303}") = "Computator.NET.Installer", "Computator.NET.Installer\Computator.NET.Installer.isproj", "{07E1BBEB-90AF-4C97-BD82-18B8B3D57FFD}"
	ProjectSection(ProjectDependencies) = postProject
		{31264A50-A9B4-410C-85BB-EC81D5076747} = {31264A50-A9B4-410C-85BB-EC81D5076747}
		{5731ED79-DFC9-41D5-8A2E-82C578AD1D96} = {5731ED79-DFC9-41D5-8A2E-82C578AD1D96}
		{715165A2-D015-42AE-9381-5563204F8508} = {715165A2-D015-42AE-9381-5563204F8508}
	EndProjectSection
EndProject
Project("{FAE04EC0-301F-11D3-BF4B-00C04F79EFBC}") = "Computator.NET.DataTypes", "Computator.NET.DataTypes\Computator.NET.DataTypes.csproj", "{715165A2-D015-42AE-9381-5563204F8508}"
EndProject
Project("{FAE04EC0-301F-11D3-BF4B-00C04F79EFBC}") = "Computator.NET.Tests", "Computator.NET.Tests\Computator.NET.Tests.csproj", "{6EFD61BD-677E-4945-9605-3DBADB695CC1}"
EndProject
Project("{FAE04EC0-301F-11D3-BF4B-00C04F79EFBC}") = "Computator.NET.CodedUITests", "Computator.NET.CodedUITests\Computator.NET.CodedUITests.csproj", "{36F8A68E-0713-42A3-B9C3-C723B5D92922}"
EndProject
Project("{2150E333-8FDC-42A3-9474-1A3956D46DE8}") = "docs", "docs", "{C3C81D6D-AB05-4A8A-BA72-7866DF0988CE}"
	ProjectSection(SolutionItems) = preProject
		BUGS = BUGS
		CHANGELOG = CHANGELOG
		docs\EngineeringThesis-pl.docx = docs\EngineeringThesis-pl.docx
		docs\EngineeringThesisPresentation-pl.pptx = docs\EngineeringThesisPresentation-pl.pptx
		docs\eula.rtf = docs\eula.rtf
		LICENSE = LICENSE
		README.md = README.md
		docs\readme.rtf = docs\readme.rtf
		TODO = TODO
	EndProjectSection
EndProject
Project("{2150E333-8FDC-42A3-9474-1A3956D46DE8}") = "Presentation", "Presentation", "{1B05602E-FAF6-4ABC-84C0-9749F14EBDFE}"
	ProjectSection(SolutionItems) = preProject
		Presentation\1.8.1alpha bug fixed.jpg = Presentation\1.8.1alpha bug fixed.jpg
		Presentation\Computator.NET v1.8 is coming - functions with description.jpg = Presentation\Computator.NET v1.8 is coming - functions with description.jpg
		Presentation\Computator.NET v1.8 is coming 2 - writing in exponent, f(x,y) chart.jpg = Presentation\Computator.NET v1.8 is coming 2 - writing in exponent, f(x,y) chart.jpg
		Presentation\Computator.NET_alpha_01.jpg = Presentation\Computator.NET_alpha_01.jpg
		Presentation\eps-propagation.jpg = Presentation\eps-propagation.jpg
		Presentation\eps-truncation-error.jpg = Presentation\eps-truncation-error.jpg
		Presentation\functions and constants details.jpg = Presentation\functions and constants details.jpg
		Presentation\functions and constants details.png = Presentation\functions and constants details.png
		Presentation\gamma by computator.net.jpg = Presentation\gamma by computator.net.jpg
		Presentation\gamma by computator.net.png = Presentation\gamma by computator.net.png
		Presentation\interesting implicit function.jpg = Presentation\interesting implicit function.jpg
		Presentation\quick_presentation.gif = Presentation\quick_presentation.gif
		Presentation\simple implicit function.jpg = Presentation\simple implicit function.jpg
		Presentation\simple implicit function.png = Presentation\simple implicit function.png
		Presentation\solving equations graphically.gif = Presentation\solving equations graphically.gif
		Presentation\solving equations using numerical calculations.gif = Presentation\solving equations using numerical calculations.gif
		Presentation\writing-in-exponent.gif = Presentation\writing-in-exponent.gif
	EndProjectSection
EndProject
Project("{FAE04EC0-301F-11D3-BF4B-00C04F79EFBC}") = "Computator.NET.IntegrationTests", "Computator.NET.IntegrationTests\Computator.NET.IntegrationTests.csproj", "{F7763889-7F90-40BB-B061-27680478D0F2}"
EndProject
Project("{2150E333-8FDC-42A3-9474-1A3956D46DE8}") = "Tests", "Tests", "{E2C6CC91-A22F-4FFE-B3DD-36080763A822}"
EndProject
Project("{2150E333-8FDC-42A3-9474-1A3956D46DE8}") = "Core", "Core", "{342D511E-A811-4A7B-9369-4119DA2CDB52}"
EndProject
Project("{2150E333-8FDC-42A3-9474-1A3956D46DE8}") = "Desktop", "Desktop", "{78D9A020-3FAD-4ABF-B002-EAEC4C4E04D3}"
EndProject
Project("{2150E333-8FDC-42A3-9474-1A3956D46DE8}") = "Mobile", "Mobile", "{15B62501-7F97-41E8-A681-0BBB6798ACB8}"
EndProject
Project("{FAE04EC0-301F-11D3-BF4B-00C04F79EFBC}") = "Computator.NET.Mobile.Droid", "Computator.NET.Mobile\Computator.NET.Mobile.Droid\Computator.NET.Mobile.Droid.csproj", "{EEA6C1FF-9B03-46D1-AAC5-2CA33BD2DFF7}"
EndProject
Project("{FAE04EC0-301F-11D3-BF4B-00C04F79EFBC}") = "Computator.NET.Mobile.iOS", "Computator.NET.Mobile\Computator.NET.Mobile.iOS\Computator.NET.Mobile.iOS.csproj", "{DE9979EE-B3D8-435A-940B-7611BC624C0E}"
EndProject
Project("{FAE04EC0-301F-11D3-BF4B-00C04F79EFBC}") = "Computator.NET.Mobile.WinPhone", "Computator.NET.Mobile\Computator.NET.Mobile.WinPhone\Computator.NET.Mobile.WinPhone.csproj", "{879E02DA-5322-4E3B-A225-F4C8D23513E9}"
EndProject
Project("{FAE04EC0-301F-11D3-BF4B-00C04F79EFBC}") = "Computator.NET.Mobile.UWP", "Computator.NET.Mobile\Computator.NET.Mobile.UWP\Computator.NET.Mobile.UWP.csproj", "{EB5C52F7-25CF-43E5-A1BC-5958EBB862EA}"
EndProject
Project("{FAE04EC0-301F-11D3-BF4B-00C04F79EFBC}") = "Computator.NET.Mobile.Windows", "Computator.NET.Mobile\Computator.NET.Mobile.Windows\Computator.NET.Mobile.Windows.csproj", "{E8847B34-DBB6-4E0C-8B3E-841333D0D113}"
EndProject
Project("{FAE04EC0-301F-11D3-BF4B-00C04F79EFBC}") = "Computator.NET.Mobile", "Computator.NET.Mobile\Computator.NET.Mobile\Computator.NET.Mobile.csproj", "{86EABB63-9D64-425C-AEB9-0B67372ED5F8}"
EndProject
Project("{FAE04EC0-301F-11D3-BF4B-00C04F79EFBC}") = "Computator.NET.Core", "Computator.NET.Core\Computator.NET.Core.csproj", "{B74CD9D5-D77E-418D-B50A-7EE5F040F819}"
EndProject
Global
	GlobalSection(SolutionConfigurationPlatforms) = preSolution
		Ad-Hoc|Any CPU = Ad-Hoc|Any CPU
		Ad-Hoc|ARM = Ad-Hoc|ARM
		Ad-Hoc|iPhone = Ad-Hoc|iPhone
		Ad-Hoc|iPhoneSimulator = Ad-Hoc|iPhoneSimulator
		Ad-Hoc|x64 = Ad-Hoc|x64
		Ad-Hoc|x86 = Ad-Hoc|x86
		AppStore|Any CPU = AppStore|Any CPU
		AppStore|ARM = AppStore|ARM
		AppStore|iPhone = AppStore|iPhone
		AppStore|iPhoneSimulator = AppStore|iPhoneSimulator
		AppStore|x64 = AppStore|x64
		AppStore|x86 = AppStore|x86
		Debug|Any CPU = Debug|Any CPU
		Debug|ARM = Debug|ARM
		Debug|iPhone = Debug|iPhone
		Debug|iPhoneSimulator = Debug|iPhoneSimulator
		Debug|x64 = Debug|x64
		Debug|x86 = Debug|x86
		Release|Any CPU = Release|Any CPU
		Release|ARM = Release|ARM
		Release|iPhone = Release|iPhone
		Release|iPhoneSimulator = Release|iPhoneSimulator
		Release|x64 = Release|x64
		Release|x86 = Release|x86
		SingleImage|Any CPU = SingleImage|Any CPU
		SingleImage|ARM = SingleImage|ARM
		SingleImage|iPhone = SingleImage|iPhone
		SingleImage|iPhoneSimulator = SingleImage|iPhoneSimulator
		SingleImage|x64 = SingleImage|x64
		SingleImage|x86 = SingleImage|x86
	EndGlobalSection
	GlobalSection(ProjectConfigurationPlatforms) = postSolution
		{5731ED79-DFC9-41D5-8A2E-82C578AD1D96}.Ad-Hoc|Any CPU.ActiveCfg = Release|Any CPU
		{5731ED79-DFC9-41D5-8A2E-82C578AD1D96}.Ad-Hoc|Any CPU.Build.0 = Release|Any CPU
		{5731ED79-DFC9-41D5-8A2E-82C578AD1D96}.Ad-Hoc|ARM.ActiveCfg = Release|Any CPU
		{5731ED79-DFC9-41D5-8A2E-82C578AD1D96}.Ad-Hoc|ARM.Build.0 = Release|Any CPU
		{5731ED79-DFC9-41D5-8A2E-82C578AD1D96}.Ad-Hoc|iPhone.ActiveCfg = Release|Any CPU
		{5731ED79-DFC9-41D5-8A2E-82C578AD1D96}.Ad-Hoc|iPhone.Build.0 = Release|Any CPU
		{5731ED79-DFC9-41D5-8A2E-82C578AD1D96}.Ad-Hoc|iPhoneSimulator.ActiveCfg = Release|Any CPU
		{5731ED79-DFC9-41D5-8A2E-82C578AD1D96}.Ad-Hoc|iPhoneSimulator.Build.0 = Release|Any CPU
		{5731ED79-DFC9-41D5-8A2E-82C578AD1D96}.Ad-Hoc|x64.ActiveCfg = Release|x64
		{5731ED79-DFC9-41D5-8A2E-82C578AD1D96}.Ad-Hoc|x64.Build.0 = Release|x64
		{5731ED79-DFC9-41D5-8A2E-82C578AD1D96}.Ad-Hoc|x86.ActiveCfg = Release|x86
		{5731ED79-DFC9-41D5-8A2E-82C578AD1D96}.Ad-Hoc|x86.Build.0 = Release|x86
		{5731ED79-DFC9-41D5-8A2E-82C578AD1D96}.AppStore|Any CPU.ActiveCfg = Release|Any CPU
		{5731ED79-DFC9-41D5-8A2E-82C578AD1D96}.AppStore|Any CPU.Build.0 = Release|Any CPU
		{5731ED79-DFC9-41D5-8A2E-82C578AD1D96}.AppStore|ARM.ActiveCfg = Release|Any CPU
		{5731ED79-DFC9-41D5-8A2E-82C578AD1D96}.AppStore|ARM.Build.0 = Release|Any CPU
		{5731ED79-DFC9-41D5-8A2E-82C578AD1D96}.AppStore|iPhone.ActiveCfg = Release|Any CPU
		{5731ED79-DFC9-41D5-8A2E-82C578AD1D96}.AppStore|iPhone.Build.0 = Release|Any CPU
		{5731ED79-DFC9-41D5-8A2E-82C578AD1D96}.AppStore|iPhoneSimulator.ActiveCfg = Release|Any CPU
		{5731ED79-DFC9-41D5-8A2E-82C578AD1D96}.AppStore|iPhoneSimulator.Build.0 = Release|Any CPU
		{5731ED79-DFC9-41D5-8A2E-82C578AD1D96}.AppStore|x64.ActiveCfg = Release|x64
		{5731ED79-DFC9-41D5-8A2E-82C578AD1D96}.AppStore|x64.Build.0 = Release|x64
		{5731ED79-DFC9-41D5-8A2E-82C578AD1D96}.AppStore|x86.ActiveCfg = Release|x86
		{5731ED79-DFC9-41D5-8A2E-82C578AD1D96}.AppStore|x86.Build.0 = Release|x86
		{5731ED79-DFC9-41D5-8A2E-82C578AD1D96}.Debug|Any CPU.ActiveCfg = Debug|Any CPU
		{5731ED79-DFC9-41D5-8A2E-82C578AD1D96}.Debug|Any CPU.Build.0 = Debug|Any CPU
		{5731ED79-DFC9-41D5-8A2E-82C578AD1D96}.Debug|ARM.ActiveCfg = Debug|Any CPU
		{5731ED79-DFC9-41D5-8A2E-82C578AD1D96}.Debug|ARM.Build.0 = Debug|Any CPU
		{5731ED79-DFC9-41D5-8A2E-82C578AD1D96}.Debug|iPhone.ActiveCfg = Debug|Any CPU
		{5731ED79-DFC9-41D5-8A2E-82C578AD1D96}.Debug|iPhone.Build.0 = Debug|Any CPU
		{5731ED79-DFC9-41D5-8A2E-82C578AD1D96}.Debug|iPhoneSimulator.ActiveCfg = Debug|Any CPU
		{5731ED79-DFC9-41D5-8A2E-82C578AD1D96}.Debug|iPhoneSimulator.Build.0 = Debug|Any CPU
		{5731ED79-DFC9-41D5-8A2E-82C578AD1D96}.Debug|x64.ActiveCfg = Debug|x64
		{5731ED79-DFC9-41D5-8A2E-82C578AD1D96}.Debug|x64.Build.0 = Debug|x64
		{5731ED79-DFC9-41D5-8A2E-82C578AD1D96}.Debug|x86.ActiveCfg = Debug|x86
		{5731ED79-DFC9-41D5-8A2E-82C578AD1D96}.Debug|x86.Build.0 = Debug|x86
		{5731ED79-DFC9-41D5-8A2E-82C578AD1D96}.Release|Any CPU.ActiveCfg = Release|Any CPU
		{5731ED79-DFC9-41D5-8A2E-82C578AD1D96}.Release|Any CPU.Build.0 = Release|Any CPU
		{5731ED79-DFC9-41D5-8A2E-82C578AD1D96}.Release|ARM.ActiveCfg = Release|Any CPU
		{5731ED79-DFC9-41D5-8A2E-82C578AD1D96}.Release|ARM.Build.0 = Release|Any CPU
		{5731ED79-DFC9-41D5-8A2E-82C578AD1D96}.Release|iPhone.ActiveCfg = Release|Any CPU
		{5731ED79-DFC9-41D5-8A2E-82C578AD1D96}.Release|iPhone.Build.0 = Release|Any CPU
		{5731ED79-DFC9-41D5-8A2E-82C578AD1D96}.Release|iPhoneSimulator.ActiveCfg = Release|Any CPU
		{5731ED79-DFC9-41D5-8A2E-82C578AD1D96}.Release|iPhoneSimulator.Build.0 = Release|Any CPU
		{5731ED79-DFC9-41D5-8A2E-82C578AD1D96}.Release|x64.ActiveCfg = Release|x64
		{5731ED79-DFC9-41D5-8A2E-82C578AD1D96}.Release|x64.Build.0 = Release|x64
		{5731ED79-DFC9-41D5-8A2E-82C578AD1D96}.Release|x86.ActiveCfg = Release|x86
		{5731ED79-DFC9-41D5-8A2E-82C578AD1D96}.Release|x86.Build.0 = Release|x86
		{5731ED79-DFC9-41D5-8A2E-82C578AD1D96}.SingleImage|Any CPU.ActiveCfg = Release|Any CPU
		{5731ED79-DFC9-41D5-8A2E-82C578AD1D96}.SingleImage|Any CPU.Build.0 = Release|Any CPU
		{5731ED79-DFC9-41D5-8A2E-82C578AD1D96}.SingleImage|ARM.ActiveCfg = Release|Any CPU
		{5731ED79-DFC9-41D5-8A2E-82C578AD1D96}.SingleImage|ARM.Build.0 = Release|Any CPU
		{5731ED79-DFC9-41D5-8A2E-82C578AD1D96}.SingleImage|iPhone.ActiveCfg = Release|Any CPU
		{5731ED79-DFC9-41D5-8A2E-82C578AD1D96}.SingleImage|iPhone.Build.0 = Release|Any CPU
		{5731ED79-DFC9-41D5-8A2E-82C578AD1D96}.SingleImage|iPhoneSimulator.ActiveCfg = Release|Any CPU
		{5731ED79-DFC9-41D5-8A2E-82C578AD1D96}.SingleImage|iPhoneSimulator.Build.0 = Release|Any CPU
		{5731ED79-DFC9-41D5-8A2E-82C578AD1D96}.SingleImage|x64.ActiveCfg = Release|x64
		{5731ED79-DFC9-41D5-8A2E-82C578AD1D96}.SingleImage|x64.Build.0 = Release|x64
		{5731ED79-DFC9-41D5-8A2E-82C578AD1D96}.SingleImage|x86.ActiveCfg = Release|x86
		{5731ED79-DFC9-41D5-8A2E-82C578AD1D96}.SingleImage|x86.Build.0 = Release|x86
		{31264A50-A9B4-410C-85BB-EC81D5076747}.Ad-Hoc|Any CPU.ActiveCfg = Release|Any CPU
		{31264A50-A9B4-410C-85BB-EC81D5076747}.Ad-Hoc|Any CPU.Build.0 = Release|Any CPU
		{31264A50-A9B4-410C-85BB-EC81D5076747}.Ad-Hoc|ARM.ActiveCfg = Release|Any CPU
		{31264A50-A9B4-410C-85BB-EC81D5076747}.Ad-Hoc|ARM.Build.0 = Release|Any CPU
		{31264A50-A9B4-410C-85BB-EC81D5076747}.Ad-Hoc|iPhone.ActiveCfg = Release|Any CPU
		{31264A50-A9B4-410C-85BB-EC81D5076747}.Ad-Hoc|iPhone.Build.0 = Release|Any CPU
		{31264A50-A9B4-410C-85BB-EC81D5076747}.Ad-Hoc|iPhoneSimulator.ActiveCfg = Release|Any CPU
		{31264A50-A9B4-410C-85BB-EC81D5076747}.Ad-Hoc|iPhoneSimulator.Build.0 = Release|Any CPU
		{31264A50-A9B4-410C-85BB-EC81D5076747}.Ad-Hoc|x64.ActiveCfg = Release|Any CPU
		{31264A50-A9B4-410C-85BB-EC81D5076747}.Ad-Hoc|x64.Build.0 = Release|Any CPU
		{31264A50-A9B4-410C-85BB-EC81D5076747}.Ad-Hoc|x86.ActiveCfg = Release|Any CPU
		{31264A50-A9B4-410C-85BB-EC81D5076747}.Ad-Hoc|x86.Build.0 = Release|Any CPU
		{31264A50-A9B4-410C-85BB-EC81D5076747}.AppStore|Any CPU.ActiveCfg = Release|Any CPU
		{31264A50-A9B4-410C-85BB-EC81D5076747}.AppStore|Any CPU.Build.0 = Release|Any CPU
		{31264A50-A9B4-410C-85BB-EC81D5076747}.AppStore|ARM.ActiveCfg = Release|Any CPU
		{31264A50-A9B4-410C-85BB-EC81D5076747}.AppStore|ARM.Build.0 = Release|Any CPU
		{31264A50-A9B4-410C-85BB-EC81D5076747}.AppStore|iPhone.ActiveCfg = Release|Any CPU
		{31264A50-A9B4-410C-85BB-EC81D5076747}.AppStore|iPhone.Build.0 = Release|Any CPU
		{31264A50-A9B4-410C-85BB-EC81D5076747}.AppStore|iPhoneSimulator.ActiveCfg = Release|Any CPU
		{31264A50-A9B4-410C-85BB-EC81D5076747}.AppStore|iPhoneSimulator.Build.0 = Release|Any CPU
		{31264A50-A9B4-410C-85BB-EC81D5076747}.AppStore|x64.ActiveCfg = Release|Any CPU
		{31264A50-A9B4-410C-85BB-EC81D5076747}.AppStore|x64.Build.0 = Release|Any CPU
		{31264A50-A9B4-410C-85BB-EC81D5076747}.AppStore|x86.ActiveCfg = Release|Any CPU
		{31264A50-A9B4-410C-85BB-EC81D5076747}.AppStore|x86.Build.0 = Release|Any CPU
		{31264A50-A9B4-410C-85BB-EC81D5076747}.Debug|Any CPU.ActiveCfg = Debug|Any CPU
		{31264A50-A9B4-410C-85BB-EC81D5076747}.Debug|Any CPU.Build.0 = Debug|Any CPU
		{31264A50-A9B4-410C-85BB-EC81D5076747}.Debug|ARM.ActiveCfg = Debug|Any CPU
		{31264A50-A9B4-410C-85BB-EC81D5076747}.Debug|ARM.Build.0 = Debug|Any CPU
		{31264A50-A9B4-410C-85BB-EC81D5076747}.Debug|iPhone.ActiveCfg = Debug|Any CPU
		{31264A50-A9B4-410C-85BB-EC81D5076747}.Debug|iPhone.Build.0 = Debug|Any CPU
		{31264A50-A9B4-410C-85BB-EC81D5076747}.Debug|iPhoneSimulator.ActiveCfg = Debug|Any CPU
		{31264A50-A9B4-410C-85BB-EC81D5076747}.Debug|iPhoneSimulator.Build.0 = Debug|Any CPU
		{31264A50-A9B4-410C-85BB-EC81D5076747}.Debug|x64.ActiveCfg = Debug|Any CPU
		{31264A50-A9B4-410C-85BB-EC81D5076747}.Debug|x64.Build.0 = Debug|Any CPU
		{31264A50-A9B4-410C-85BB-EC81D5076747}.Debug|x86.ActiveCfg = Debug|Any CPU
		{31264A50-A9B4-410C-85BB-EC81D5076747}.Debug|x86.Build.0 = Debug|Any CPU
		{31264A50-A9B4-410C-85BB-EC81D5076747}.Release|Any CPU.ActiveCfg = Release|Any CPU
		{31264A50-A9B4-410C-85BB-EC81D5076747}.Release|Any CPU.Build.0 = Release|Any CPU
		{31264A50-A9B4-410C-85BB-EC81D5076747}.Release|ARM.ActiveCfg = Release|Any CPU
		{31264A50-A9B4-410C-85BB-EC81D5076747}.Release|ARM.Build.0 = Release|Any CPU
		{31264A50-A9B4-410C-85BB-EC81D5076747}.Release|iPhone.ActiveCfg = Release|Any CPU
		{31264A50-A9B4-410C-85BB-EC81D5076747}.Release|iPhone.Build.0 = Release|Any CPU
		{31264A50-A9B4-410C-85BB-EC81D5076747}.Release|iPhoneSimulator.ActiveCfg = Release|Any CPU
		{31264A50-A9B4-410C-85BB-EC81D5076747}.Release|iPhoneSimulator.Build.0 = Release|Any CPU
		{31264A50-A9B4-410C-85BB-EC81D5076747}.Release|x64.ActiveCfg = Release|Any CPU
		{31264A50-A9B4-410C-85BB-EC81D5076747}.Release|x64.Build.0 = Release|Any CPU
		{31264A50-A9B4-410C-85BB-EC81D5076747}.Release|x86.ActiveCfg = Release|Any CPU
		{31264A50-A9B4-410C-85BB-EC81D5076747}.Release|x86.Build.0 = Release|Any CPU
		{31264A50-A9B4-410C-85BB-EC81D5076747}.SingleImage|Any CPU.ActiveCfg = Release|Any CPU
		{31264A50-A9B4-410C-85BB-EC81D5076747}.SingleImage|Any CPU.Build.0 = Release|Any CPU
		{31264A50-A9B4-410C-85BB-EC81D5076747}.SingleImage|ARM.ActiveCfg = Release|Any CPU
		{31264A50-A9B4-410C-85BB-EC81D5076747}.SingleImage|ARM.Build.0 = Release|Any CPU
		{31264A50-A9B4-410C-85BB-EC81D5076747}.SingleImage|iPhone.ActiveCfg = Release|Any CPU
		{31264A50-A9B4-410C-85BB-EC81D5076747}.SingleImage|iPhone.Build.0 = Release|Any CPU
		{31264A50-A9B4-410C-85BB-EC81D5076747}.SingleImage|iPhoneSimulator.ActiveCfg = Release|Any CPU
		{31264A50-A9B4-410C-85BB-EC81D5076747}.SingleImage|iPhoneSimulator.Build.0 = Release|Any CPU
		{31264A50-A9B4-410C-85BB-EC81D5076747}.SingleImage|x64.ActiveCfg = Release|Any CPU
		{31264A50-A9B4-410C-85BB-EC81D5076747}.SingleImage|x64.Build.0 = Release|Any CPU
		{31264A50-A9B4-410C-85BB-EC81D5076747}.SingleImage|x86.ActiveCfg = Release|Any CPU
		{31264A50-A9B4-410C-85BB-EC81D5076747}.SingleImage|x86.Build.0 = Release|Any CPU
		{07E1BBEB-90AF-4C97-BD82-18B8B3D57FFD}.Ad-Hoc|Any CPU.ActiveCfg = SingleImage
		{07E1BBEB-90AF-4C97-BD82-18B8B3D57FFD}.Ad-Hoc|ARM.ActiveCfg = SingleImage
		{07E1BBEB-90AF-4C97-BD82-18B8B3D57FFD}.Ad-Hoc|iPhone.ActiveCfg = SingleImage
		{07E1BBEB-90AF-4C97-BD82-18B8B3D57FFD}.Ad-Hoc|iPhoneSimulator.ActiveCfg = SingleImage
		{07E1BBEB-90AF-4C97-BD82-18B8B3D57FFD}.Ad-Hoc|x64.ActiveCfg = SingleImage
		{07E1BBEB-90AF-4C97-BD82-18B8B3D57FFD}.Ad-Hoc|x86.ActiveCfg = SingleImage
		{07E1BBEB-90AF-4C97-BD82-18B8B3D57FFD}.AppStore|Any CPU.ActiveCfg = SingleImage
		{07E1BBEB-90AF-4C97-BD82-18B8B3D57FFD}.AppStore|ARM.ActiveCfg = SingleImage
		{07E1BBEB-90AF-4C97-BD82-18B8B3D57FFD}.AppStore|iPhone.ActiveCfg = SingleImage
		{07E1BBEB-90AF-4C97-BD82-18B8B3D57FFD}.AppStore|iPhoneSimulator.ActiveCfg = SingleImage
		{07E1BBEB-90AF-4C97-BD82-18B8B3D57FFD}.AppStore|x64.ActiveCfg = SingleImage
		{07E1BBEB-90AF-4C97-BD82-18B8B3D57FFD}.AppStore|x86.ActiveCfg = SingleImage
		{07E1BBEB-90AF-4C97-BD82-18B8B3D57FFD}.Debug|Any CPU.ActiveCfg = SingleImage
		{07E1BBEB-90AF-4C97-BD82-18B8B3D57FFD}.Debug|Any CPU.Build.0 = SingleImage
		{07E1BBEB-90AF-4C97-BD82-18B8B3D57FFD}.Debug|ARM.ActiveCfg = SingleImage
		{07E1BBEB-90AF-4C97-BD82-18B8B3D57FFD}.Debug|iPhone.ActiveCfg = SingleImage
		{07E1BBEB-90AF-4C97-BD82-18B8B3D57FFD}.Debug|iPhoneSimulator.ActiveCfg = SingleImage
		{07E1BBEB-90AF-4C97-BD82-18B8B3D57FFD}.Debug|x64.ActiveCfg = SingleImage
		{07E1BBEB-90AF-4C97-BD82-18B8B3D57FFD}.Debug|x86.ActiveCfg = SingleImage
		{07E1BBEB-90AF-4C97-BD82-18B8B3D57FFD}.Release|Any CPU.ActiveCfg = SingleImage
		{07E1BBEB-90AF-4C97-BD82-18B8B3D57FFD}.Release|Any CPU.Build.0 = SingleImage
		{07E1BBEB-90AF-4C97-BD82-18B8B3D57FFD}.Release|ARM.ActiveCfg = SingleImage
		{07E1BBEB-90AF-4C97-BD82-18B8B3D57FFD}.Release|iPhone.ActiveCfg = SingleImage
		{07E1BBEB-90AF-4C97-BD82-18B8B3D57FFD}.Release|iPhoneSimulator.ActiveCfg = SingleImage
		{07E1BBEB-90AF-4C97-BD82-18B8B3D57FFD}.Release|x64.ActiveCfg = SingleImage
		{07E1BBEB-90AF-4C97-BD82-18B8B3D57FFD}.Release|x86.ActiveCfg = SingleImage
		{07E1BBEB-90AF-4C97-BD82-18B8B3D57FFD}.SingleImage|Any CPU.ActiveCfg = SingleImage
		{07E1BBEB-90AF-4C97-BD82-18B8B3D57FFD}.SingleImage|Any CPU.Build.0 = SingleImage
		{07E1BBEB-90AF-4C97-BD82-18B8B3D57FFD}.SingleImage|ARM.ActiveCfg = SingleImage
		{07E1BBEB-90AF-4C97-BD82-18B8B3D57FFD}.SingleImage|iPhone.ActiveCfg = SingleImage
		{07E1BBEB-90AF-4C97-BD82-18B8B3D57FFD}.SingleImage|iPhoneSimulator.ActiveCfg = SingleImage
		{07E1BBEB-90AF-4C97-BD82-18B8B3D57FFD}.SingleImage|x64.ActiveCfg = SingleImage
		{07E1BBEB-90AF-4C97-BD82-18B8B3D57FFD}.SingleImage|x86.ActiveCfg = SingleImage
		{715165A2-D015-42AE-9381-5563204F8508}.Ad-Hoc|Any CPU.ActiveCfg = Release|Any CPU
		{715165A2-D015-42AE-9381-5563204F8508}.Ad-Hoc|Any CPU.Build.0 = Release|Any CPU
		{715165A2-D015-42AE-9381-5563204F8508}.Ad-Hoc|ARM.ActiveCfg = Release|Any CPU
		{715165A2-D015-42AE-9381-5563204F8508}.Ad-Hoc|ARM.Build.0 = Release|Any CPU
		{715165A2-D015-42AE-9381-5563204F8508}.Ad-Hoc|iPhone.ActiveCfg = Release|Any CPU
		{715165A2-D015-42AE-9381-5563204F8508}.Ad-Hoc|iPhone.Build.0 = Release|Any CPU
		{715165A2-D015-42AE-9381-5563204F8508}.Ad-Hoc|iPhoneSimulator.ActiveCfg = Release|Any CPU
		{715165A2-D015-42AE-9381-5563204F8508}.Ad-Hoc|iPhoneSimulator.Build.0 = Release|Any CPU
		{715165A2-D015-42AE-9381-5563204F8508}.Ad-Hoc|x64.ActiveCfg = Release|Any CPU
		{715165A2-D015-42AE-9381-5563204F8508}.Ad-Hoc|x64.Build.0 = Release|Any CPU
		{715165A2-D015-42AE-9381-5563204F8508}.Ad-Hoc|x86.ActiveCfg = Release|Any CPU
		{715165A2-D015-42AE-9381-5563204F8508}.Ad-Hoc|x86.Build.0 = Release|Any CPU
		{715165A2-D015-42AE-9381-5563204F8508}.AppStore|Any CPU.ActiveCfg = Release|Any CPU
		{715165A2-D015-42AE-9381-5563204F8508}.AppStore|Any CPU.Build.0 = Release|Any CPU
		{715165A2-D015-42AE-9381-5563204F8508}.AppStore|ARM.ActiveCfg = Release|Any CPU
		{715165A2-D015-42AE-9381-5563204F8508}.AppStore|ARM.Build.0 = Release|Any CPU
		{715165A2-D015-42AE-9381-5563204F8508}.AppStore|iPhone.ActiveCfg = Release|Any CPU
		{715165A2-D015-42AE-9381-5563204F8508}.AppStore|iPhone.Build.0 = Release|Any CPU
		{715165A2-D015-42AE-9381-5563204F8508}.AppStore|iPhoneSimulator.ActiveCfg = Release|Any CPU
		{715165A2-D015-42AE-9381-5563204F8508}.AppStore|iPhoneSimulator.Build.0 = Release|Any CPU
		{715165A2-D015-42AE-9381-5563204F8508}.AppStore|x64.ActiveCfg = Release|Any CPU
		{715165A2-D015-42AE-9381-5563204F8508}.AppStore|x64.Build.0 = Release|Any CPU
		{715165A2-D015-42AE-9381-5563204F8508}.AppStore|x86.ActiveCfg = Release|Any CPU
		{715165A2-D015-42AE-9381-5563204F8508}.AppStore|x86.Build.0 = Release|Any CPU
		{715165A2-D015-42AE-9381-5563204F8508}.Debug|Any CPU.ActiveCfg = Debug|Any CPU
		{715165A2-D015-42AE-9381-5563204F8508}.Debug|Any CPU.Build.0 = Debug|Any CPU
		{715165A2-D015-42AE-9381-5563204F8508}.Debug|ARM.ActiveCfg = Debug|Any CPU
		{715165A2-D015-42AE-9381-5563204F8508}.Debug|ARM.Build.0 = Debug|Any CPU
		{715165A2-D015-42AE-9381-5563204F8508}.Debug|iPhone.ActiveCfg = Debug|Any CPU
		{715165A2-D015-42AE-9381-5563204F8508}.Debug|iPhone.Build.0 = Debug|Any CPU
		{715165A2-D015-42AE-9381-5563204F8508}.Debug|iPhoneSimulator.ActiveCfg = Debug|Any CPU
		{715165A2-D015-42AE-9381-5563204F8508}.Debug|iPhoneSimulator.Build.0 = Debug|Any CPU
		{715165A2-D015-42AE-9381-5563204F8508}.Debug|x64.ActiveCfg = Debug|Any CPU
		{715165A2-D015-42AE-9381-5563204F8508}.Debug|x64.Build.0 = Debug|Any CPU
		{715165A2-D015-42AE-9381-5563204F8508}.Debug|x86.ActiveCfg = Debug|Any CPU
		{715165A2-D015-42AE-9381-5563204F8508}.Debug|x86.Build.0 = Debug|Any CPU
		{715165A2-D015-42AE-9381-5563204F8508}.Release|Any CPU.ActiveCfg = Release|Any CPU
		{715165A2-D015-42AE-9381-5563204F8508}.Release|Any CPU.Build.0 = Release|Any CPU
		{715165A2-D015-42AE-9381-5563204F8508}.Release|ARM.ActiveCfg = Release|Any CPU
		{715165A2-D015-42AE-9381-5563204F8508}.Release|ARM.Build.0 = Release|Any CPU
		{715165A2-D015-42AE-9381-5563204F8508}.Release|iPhone.ActiveCfg = Release|Any CPU
		{715165A2-D015-42AE-9381-5563204F8508}.Release|iPhone.Build.0 = Release|Any CPU
		{715165A2-D015-42AE-9381-5563204F8508}.Release|iPhoneSimulator.ActiveCfg = Release|Any CPU
		{715165A2-D015-42AE-9381-5563204F8508}.Release|iPhoneSimulator.Build.0 = Release|Any CPU
		{715165A2-D015-42AE-9381-5563204F8508}.Release|x64.ActiveCfg = Release|Any CPU
		{715165A2-D015-42AE-9381-5563204F8508}.Release|x64.Build.0 = Release|Any CPU
		{715165A2-D015-42AE-9381-5563204F8508}.Release|x86.ActiveCfg = Release|Any CPU
		{715165A2-D015-42AE-9381-5563204F8508}.Release|x86.Build.0 = Release|Any CPU
		{715165A2-D015-42AE-9381-5563204F8508}.SingleImage|Any CPU.ActiveCfg = Release|Any CPU
		{715165A2-D015-42AE-9381-5563204F8508}.SingleImage|Any CPU.Build.0 = Release|Any CPU
		{715165A2-D015-42AE-9381-5563204F8508}.SingleImage|ARM.ActiveCfg = Release|Any CPU
		{715165A2-D015-42AE-9381-5563204F8508}.SingleImage|ARM.Build.0 = Release|Any CPU
		{715165A2-D015-42AE-9381-5563204F8508}.SingleImage|iPhone.ActiveCfg = Release|Any CPU
		{715165A2-D015-42AE-9381-5563204F8508}.SingleImage|iPhone.Build.0 = Release|Any CPU
		{715165A2-D015-42AE-9381-5563204F8508}.SingleImage|iPhoneSimulator.ActiveCfg = Release|Any CPU
		{715165A2-D015-42AE-9381-5563204F8508}.SingleImage|iPhoneSimulator.Build.0 = Release|Any CPU
		{715165A2-D015-42AE-9381-5563204F8508}.SingleImage|x64.ActiveCfg = Release|Any CPU
		{715165A2-D015-42AE-9381-5563204F8508}.SingleImage|x64.Build.0 = Release|Any CPU
		{715165A2-D015-42AE-9381-5563204F8508}.SingleImage|x86.ActiveCfg = Release|Any CPU
		{715165A2-D015-42AE-9381-5563204F8508}.SingleImage|x86.Build.0 = Release|Any CPU
		{6EFD61BD-677E-4945-9605-3DBADB695CC1}.Ad-Hoc|Any CPU.ActiveCfg = Release|Any CPU
		{6EFD61BD-677E-4945-9605-3DBADB695CC1}.Ad-Hoc|Any CPU.Build.0 = Release|Any CPU
		{6EFD61BD-677E-4945-9605-3DBADB695CC1}.Ad-Hoc|ARM.ActiveCfg = Release|Any CPU
		{6EFD61BD-677E-4945-9605-3DBADB695CC1}.Ad-Hoc|ARM.Build.0 = Release|Any CPU
		{6EFD61BD-677E-4945-9605-3DBADB695CC1}.Ad-Hoc|iPhone.ActiveCfg = Release|Any CPU
		{6EFD61BD-677E-4945-9605-3DBADB695CC1}.Ad-Hoc|iPhone.Build.0 = Release|Any CPU
		{6EFD61BD-677E-4945-9605-3DBADB695CC1}.Ad-Hoc|iPhoneSimulator.ActiveCfg = Release|Any CPU
		{6EFD61BD-677E-4945-9605-3DBADB695CC1}.Ad-Hoc|iPhoneSimulator.Build.0 = Release|Any CPU
		{6EFD61BD-677E-4945-9605-3DBADB695CC1}.Ad-Hoc|x64.ActiveCfg = Release|Any CPU
		{6EFD61BD-677E-4945-9605-3DBADB695CC1}.Ad-Hoc|x64.Build.0 = Release|Any CPU
		{6EFD61BD-677E-4945-9605-3DBADB695CC1}.Ad-Hoc|x86.ActiveCfg = Release|Any CPU
		{6EFD61BD-677E-4945-9605-3DBADB695CC1}.Ad-Hoc|x86.Build.0 = Release|Any CPU
		{6EFD61BD-677E-4945-9605-3DBADB695CC1}.AppStore|Any CPU.ActiveCfg = Release|Any CPU
		{6EFD61BD-677E-4945-9605-3DBADB695CC1}.AppStore|Any CPU.Build.0 = Release|Any CPU
		{6EFD61BD-677E-4945-9605-3DBADB695CC1}.AppStore|ARM.ActiveCfg = Release|Any CPU
		{6EFD61BD-677E-4945-9605-3DBADB695CC1}.AppStore|ARM.Build.0 = Release|Any CPU
		{6EFD61BD-677E-4945-9605-3DBADB695CC1}.AppStore|iPhone.ActiveCfg = Release|Any CPU
		{6EFD61BD-677E-4945-9605-3DBADB695CC1}.AppStore|iPhone.Build.0 = Release|Any CPU
		{6EFD61BD-677E-4945-9605-3DBADB695CC1}.AppStore|iPhoneSimulator.ActiveCfg = Release|Any CPU
		{6EFD61BD-677E-4945-9605-3DBADB695CC1}.AppStore|iPhoneSimulator.Build.0 = Release|Any CPU
		{6EFD61BD-677E-4945-9605-3DBADB695CC1}.AppStore|x64.ActiveCfg = Release|Any CPU
		{6EFD61BD-677E-4945-9605-3DBADB695CC1}.AppStore|x64.Build.0 = Release|Any CPU
		{6EFD61BD-677E-4945-9605-3DBADB695CC1}.AppStore|x86.ActiveCfg = Release|Any CPU
		{6EFD61BD-677E-4945-9605-3DBADB695CC1}.AppStore|x86.Build.0 = Release|Any CPU
		{6EFD61BD-677E-4945-9605-3DBADB695CC1}.Debug|Any CPU.ActiveCfg = Debug|Any CPU
		{6EFD61BD-677E-4945-9605-3DBADB695CC1}.Debug|Any CPU.Build.0 = Debug|Any CPU
		{6EFD61BD-677E-4945-9605-3DBADB695CC1}.Debug|ARM.ActiveCfg = Debug|Any CPU
		{6EFD61BD-677E-4945-9605-3DBADB695CC1}.Debug|ARM.Build.0 = Debug|Any CPU
		{6EFD61BD-677E-4945-9605-3DBADB695CC1}.Debug|iPhone.ActiveCfg = Debug|Any CPU
		{6EFD61BD-677E-4945-9605-3DBADB695CC1}.Debug|iPhone.Build.0 = Debug|Any CPU
		{6EFD61BD-677E-4945-9605-3DBADB695CC1}.Debug|iPhoneSimulator.ActiveCfg = Debug|Any CPU
		{6EFD61BD-677E-4945-9605-3DBADB695CC1}.Debug|iPhoneSimulator.Build.0 = Debug|Any CPU
		{6EFD61BD-677E-4945-9605-3DBADB695CC1}.Debug|x64.ActiveCfg = Debug|Any CPU
		{6EFD61BD-677E-4945-9605-3DBADB695CC1}.Debug|x64.Build.0 = Debug|Any CPU
		{6EFD61BD-677E-4945-9605-3DBADB695CC1}.Debug|x86.ActiveCfg = Debug|Any CPU
		{6EFD61BD-677E-4945-9605-3DBADB695CC1}.Debug|x86.Build.0 = Debug|Any CPU
		{6EFD61BD-677E-4945-9605-3DBADB695CC1}.Release|Any CPU.ActiveCfg = Release|Any CPU
		{6EFD61BD-677E-4945-9605-3DBADB695CC1}.Release|Any CPU.Build.0 = Release|Any CPU
		{6EFD61BD-677E-4945-9605-3DBADB695CC1}.Release|ARM.ActiveCfg = Release|Any CPU
		{6EFD61BD-677E-4945-9605-3DBADB695CC1}.Release|ARM.Build.0 = Release|Any CPU
		{6EFD61BD-677E-4945-9605-3DBADB695CC1}.Release|iPhone.ActiveCfg = Release|Any CPU
		{6EFD61BD-677E-4945-9605-3DBADB695CC1}.Release|iPhone.Build.0 = Release|Any CPU
		{6EFD61BD-677E-4945-9605-3DBADB695CC1}.Release|iPhoneSimulator.ActiveCfg = Release|Any CPU
		{6EFD61BD-677E-4945-9605-3DBADB695CC1}.Release|iPhoneSimulator.Build.0 = Release|Any CPU
		{6EFD61BD-677E-4945-9605-3DBADB695CC1}.Release|x64.ActiveCfg = Release|Any CPU
		{6EFD61BD-677E-4945-9605-3DBADB695CC1}.Release|x64.Build.0 = Release|Any CPU
		{6EFD61BD-677E-4945-9605-3DBADB695CC1}.Release|x86.ActiveCfg = Release|Any CPU
		{6EFD61BD-677E-4945-9605-3DBADB695CC1}.Release|x86.Build.0 = Release|Any CPU
		{6EFD61BD-677E-4945-9605-3DBADB695CC1}.SingleImage|Any CPU.ActiveCfg = Release|Any CPU
		{6EFD61BD-677E-4945-9605-3DBADB695CC1}.SingleImage|Any CPU.Build.0 = Release|Any CPU
		{6EFD61BD-677E-4945-9605-3DBADB695CC1}.SingleImage|ARM.ActiveCfg = Release|Any CPU
		{6EFD61BD-677E-4945-9605-3DBADB695CC1}.SingleImage|ARM.Build.0 = Release|Any CPU
		{6EFD61BD-677E-4945-9605-3DBADB695CC1}.SingleImage|iPhone.ActiveCfg = Release|Any CPU
		{6EFD61BD-677E-4945-9605-3DBADB695CC1}.SingleImage|iPhone.Build.0 = Release|Any CPU
		{6EFD61BD-677E-4945-9605-3DBADB695CC1}.SingleImage|iPhoneSimulator.ActiveCfg = Release|Any CPU
		{6EFD61BD-677E-4945-9605-3DBADB695CC1}.SingleImage|iPhoneSimulator.Build.0 = Release|Any CPU
		{6EFD61BD-677E-4945-9605-3DBADB695CC1}.SingleImage|x64.ActiveCfg = Release|Any CPU
		{6EFD61BD-677E-4945-9605-3DBADB695CC1}.SingleImage|x64.Build.0 = Release|Any CPU
		{6EFD61BD-677E-4945-9605-3DBADB695CC1}.SingleImage|x86.ActiveCfg = Release|Any CPU
		{6EFD61BD-677E-4945-9605-3DBADB695CC1}.SingleImage|x86.Build.0 = Release|Any CPU
		{36F8A68E-0713-42A3-B9C3-C723B5D92922}.Ad-Hoc|Any CPU.ActiveCfg = Release|Any CPU
		{36F8A68E-0713-42A3-B9C3-C723B5D92922}.Ad-Hoc|ARM.ActiveCfg = Release|Any CPU
		{36F8A68E-0713-42A3-B9C3-C723B5D92922}.Ad-Hoc|iPhone.ActiveCfg = Release|Any CPU
		{36F8A68E-0713-42A3-B9C3-C723B5D92922}.Ad-Hoc|iPhoneSimulator.ActiveCfg = Release|Any CPU
		{36F8A68E-0713-42A3-B9C3-C723B5D92922}.Ad-Hoc|x64.ActiveCfg = Release|Any CPU
		{36F8A68E-0713-42A3-B9C3-C723B5D92922}.Ad-Hoc|x86.ActiveCfg = Release|Any CPU
		{36F8A68E-0713-42A3-B9C3-C723B5D92922}.AppStore|Any CPU.ActiveCfg = Release|Any CPU
		{36F8A68E-0713-42A3-B9C3-C723B5D92922}.AppStore|ARM.ActiveCfg = Release|Any CPU
		{36F8A68E-0713-42A3-B9C3-C723B5D92922}.AppStore|iPhone.ActiveCfg = Release|Any CPU
		{36F8A68E-0713-42A3-B9C3-C723B5D92922}.AppStore|iPhoneSimulator.ActiveCfg = Release|Any CPU
		{36F8A68E-0713-42A3-B9C3-C723B5D92922}.AppStore|x64.ActiveCfg = Release|Any CPU
		{36F8A68E-0713-42A3-B9C3-C723B5D92922}.AppStore|x86.ActiveCfg = Release|Any CPU
		{36F8A68E-0713-42A3-B9C3-C723B5D92922}.Debug|Any CPU.ActiveCfg = Debug|Any CPU
		{36F8A68E-0713-42A3-B9C3-C723B5D92922}.Debug|Any CPU.Build.0 = Debug|Any CPU
		{36F8A68E-0713-42A3-B9C3-C723B5D92922}.Debug|ARM.ActiveCfg = Debug|Any CPU
		{36F8A68E-0713-42A3-B9C3-C723B5D92922}.Debug|iPhone.ActiveCfg = Debug|Any CPU
		{36F8A68E-0713-42A3-B9C3-C723B5D92922}.Debug|iPhoneSimulator.ActiveCfg = Debug|Any CPU
		{36F8A68E-0713-42A3-B9C3-C723B5D92922}.Debug|x64.ActiveCfg = Debug|Any CPU
		{36F8A68E-0713-42A3-B9C3-C723B5D92922}.Debug|x86.ActiveCfg = Debug|Any CPU
		{36F8A68E-0713-42A3-B9C3-C723B5D92922}.Release|Any CPU.ActiveCfg = Release|Any CPU
		{36F8A68E-0713-42A3-B9C3-C723B5D92922}.Release|Any CPU.Build.0 = Release|Any CPU
		{36F8A68E-0713-42A3-B9C3-C723B5D92922}.Release|ARM.ActiveCfg = Release|Any CPU
		{36F8A68E-0713-42A3-B9C3-C723B5D92922}.Release|iPhone.ActiveCfg = Release|Any CPU
		{36F8A68E-0713-42A3-B9C3-C723B5D92922}.Release|iPhoneSimulator.ActiveCfg = Release|Any CPU
		{36F8A68E-0713-42A3-B9C3-C723B5D92922}.Release|x64.ActiveCfg = Release|Any CPU
		{36F8A68E-0713-42A3-B9C3-C723B5D92922}.Release|x86.ActiveCfg = Release|Any CPU
		{36F8A68E-0713-42A3-B9C3-C723B5D92922}.SingleImage|Any CPU.ActiveCfg = Release|Any CPU
		{36F8A68E-0713-42A3-B9C3-C723B5D92922}.SingleImage|Any CPU.Build.0 = Release|Any CPU
		{36F8A68E-0713-42A3-B9C3-C723B5D92922}.SingleImage|ARM.ActiveCfg = Release|Any CPU
		{36F8A68E-0713-42A3-B9C3-C723B5D92922}.SingleImage|iPhone.ActiveCfg = Release|Any CPU
		{36F8A68E-0713-42A3-B9C3-C723B5D92922}.SingleImage|iPhoneSimulator.ActiveCfg = Release|Any CPU
		{36F8A68E-0713-42A3-B9C3-C723B5D92922}.SingleImage|x64.ActiveCfg = Release|Any CPU
		{36F8A68E-0713-42A3-B9C3-C723B5D92922}.SingleImage|x86.ActiveCfg = Release|Any CPU
		{F7763889-7F90-40BB-B061-27680478D0F2}.Ad-Hoc|Any CPU.ActiveCfg = Release|Any CPU
		{F7763889-7F90-40BB-B061-27680478D0F2}.Ad-Hoc|Any CPU.Build.0 = Release|Any CPU
		{F7763889-7F90-40BB-B061-27680478D0F2}.Ad-Hoc|ARM.ActiveCfg = Release|Any CPU
		{F7763889-7F90-40BB-B061-27680478D0F2}.Ad-Hoc|ARM.Build.0 = Release|Any CPU
		{F7763889-7F90-40BB-B061-27680478D0F2}.Ad-Hoc|iPhone.ActiveCfg = Release|Any CPU
		{F7763889-7F90-40BB-B061-27680478D0F2}.Ad-Hoc|iPhone.Build.0 = Release|Any CPU
		{F7763889-7F90-40BB-B061-27680478D0F2}.Ad-Hoc|iPhoneSimulator.ActiveCfg = Release|Any CPU
		{F7763889-7F90-40BB-B061-27680478D0F2}.Ad-Hoc|iPhoneSimulator.Build.0 = Release|Any CPU
		{F7763889-7F90-40BB-B061-27680478D0F2}.Ad-Hoc|x64.ActiveCfg = Release|Any CPU
		{F7763889-7F90-40BB-B061-27680478D0F2}.Ad-Hoc|x64.Build.0 = Release|Any CPU
		{F7763889-7F90-40BB-B061-27680478D0F2}.Ad-Hoc|x86.ActiveCfg = Release|Any CPU
		{F7763889-7F90-40BB-B061-27680478D0F2}.Ad-Hoc|x86.Build.0 = Release|Any CPU
		{F7763889-7F90-40BB-B061-27680478D0F2}.AppStore|Any CPU.ActiveCfg = Release|Any CPU
		{F7763889-7F90-40BB-B061-27680478D0F2}.AppStore|Any CPU.Build.0 = Release|Any CPU
		{F7763889-7F90-40BB-B061-27680478D0F2}.AppStore|ARM.ActiveCfg = Release|Any CPU
		{F7763889-7F90-40BB-B061-27680478D0F2}.AppStore|ARM.Build.0 = Release|Any CPU
		{F7763889-7F90-40BB-B061-27680478D0F2}.AppStore|iPhone.ActiveCfg = Release|Any CPU
		{F7763889-7F90-40BB-B061-27680478D0F2}.AppStore|iPhone.Build.0 = Release|Any CPU
		{F7763889-7F90-40BB-B061-27680478D0F2}.AppStore|iPhoneSimulator.ActiveCfg = Release|Any CPU
		{F7763889-7F90-40BB-B061-27680478D0F2}.AppStore|iPhoneSimulator.Build.0 = Release|Any CPU
		{F7763889-7F90-40BB-B061-27680478D0F2}.AppStore|x64.ActiveCfg = Release|Any CPU
		{F7763889-7F90-40BB-B061-27680478D0F2}.AppStore|x64.Build.0 = Release|Any CPU
		{F7763889-7F90-40BB-B061-27680478D0F2}.AppStore|x86.ActiveCfg = Release|Any CPU
		{F7763889-7F90-40BB-B061-27680478D0F2}.AppStore|x86.Build.0 = Release|Any CPU
		{F7763889-7F90-40BB-B061-27680478D0F2}.Debug|Any CPU.ActiveCfg = Debug|Any CPU
		{F7763889-7F90-40BB-B061-27680478D0F2}.Debug|Any CPU.Build.0 = Debug|Any CPU
		{F7763889-7F90-40BB-B061-27680478D0F2}.Debug|ARM.ActiveCfg = Debug|Any CPU
		{F7763889-7F90-40BB-B061-27680478D0F2}.Debug|ARM.Build.0 = Debug|Any CPU
		{F7763889-7F90-40BB-B061-27680478D0F2}.Debug|iPhone.ActiveCfg = Debug|Any CPU
		{F7763889-7F90-40BB-B061-27680478D0F2}.Debug|iPhone.Build.0 = Debug|Any CPU
		{F7763889-7F90-40BB-B061-27680478D0F2}.Debug|iPhoneSimulator.ActiveCfg = Debug|Any CPU
		{F7763889-7F90-40BB-B061-27680478D0F2}.Debug|iPhoneSimulator.Build.0 = Debug|Any CPU
		{F7763889-7F90-40BB-B061-27680478D0F2}.Debug|x64.ActiveCfg = Debug|Any CPU
		{F7763889-7F90-40BB-B061-27680478D0F2}.Debug|x64.Build.0 = Debug|Any CPU
		{F7763889-7F90-40BB-B061-27680478D0F2}.Debug|x86.ActiveCfg = Debug|Any CPU
		{F7763889-7F90-40BB-B061-27680478D0F2}.Debug|x86.Build.0 = Debug|Any CPU
		{F7763889-7F90-40BB-B061-27680478D0F2}.Release|Any CPU.ActiveCfg = Release|Any CPU
		{F7763889-7F90-40BB-B061-27680478D0F2}.Release|Any CPU.Build.0 = Release|Any CPU
		{F7763889-7F90-40BB-B061-27680478D0F2}.Release|ARM.ActiveCfg = Release|Any CPU
		{F7763889-7F90-40BB-B061-27680478D0F2}.Release|ARM.Build.0 = Release|Any CPU
		{F7763889-7F90-40BB-B061-27680478D0F2}.Release|iPhone.ActiveCfg = Release|Any CPU
		{F7763889-7F90-40BB-B061-27680478D0F2}.Release|iPhone.Build.0 = Release|Any CPU
		{F7763889-7F90-40BB-B061-27680478D0F2}.Release|iPhoneSimulator.ActiveCfg = Release|Any CPU
		{F7763889-7F90-40BB-B061-27680478D0F2}.Release|iPhoneSimulator.Build.0 = Release|Any CPU
		{F7763889-7F90-40BB-B061-27680478D0F2}.Release|x64.ActiveCfg = Release|Any CPU
		{F7763889-7F90-40BB-B061-27680478D0F2}.Release|x64.Build.0 = Release|Any CPU
		{F7763889-7F90-40BB-B061-27680478D0F2}.Release|x86.ActiveCfg = Release|Any CPU
		{F7763889-7F90-40BB-B061-27680478D0F2}.Release|x86.Build.0 = Release|Any CPU
		{F7763889-7F90-40BB-B061-27680478D0F2}.SingleImage|Any CPU.ActiveCfg = Release|Any CPU
		{F7763889-7F90-40BB-B061-27680478D0F2}.SingleImage|Any CPU.Build.0 = Release|Any CPU
		{F7763889-7F90-40BB-B061-27680478D0F2}.SingleImage|ARM.ActiveCfg = Release|Any CPU
		{F7763889-7F90-40BB-B061-27680478D0F2}.SingleImage|ARM.Build.0 = Release|Any CPU
		{F7763889-7F90-40BB-B061-27680478D0F2}.SingleImage|iPhone.ActiveCfg = Release|Any CPU
		{F7763889-7F90-40BB-B061-27680478D0F2}.SingleImage|iPhone.Build.0 = Release|Any CPU
		{F7763889-7F90-40BB-B061-27680478D0F2}.SingleImage|iPhoneSimulator.ActiveCfg = Release|Any CPU
		{F7763889-7F90-40BB-B061-27680478D0F2}.SingleImage|iPhoneSimulator.Build.0 = Release|Any CPU
		{F7763889-7F90-40BB-B061-27680478D0F2}.SingleImage|x64.ActiveCfg = Release|Any CPU
		{F7763889-7F90-40BB-B061-27680478D0F2}.SingleImage|x64.Build.0 = Release|Any CPU
		{F7763889-7F90-40BB-B061-27680478D0F2}.SingleImage|x86.ActiveCfg = Release|Any CPU
		{F7763889-7F90-40BB-B061-27680478D0F2}.SingleImage|x86.Build.0 = Release|Any CPU
		{EEA6C1FF-9B03-46D1-AAC5-2CA33BD2DFF7}.Ad-Hoc|Any CPU.ActiveCfg = Release|Any CPU
		{EEA6C1FF-9B03-46D1-AAC5-2CA33BD2DFF7}.Ad-Hoc|Any CPU.Build.0 = Release|Any CPU
		{EEA6C1FF-9B03-46D1-AAC5-2CA33BD2DFF7}.Ad-Hoc|Any CPU.Deploy.0 = Release|Any CPU
		{EEA6C1FF-9B03-46D1-AAC5-2CA33BD2DFF7}.Ad-Hoc|ARM.ActiveCfg = Release|Any CPU
		{EEA6C1FF-9B03-46D1-AAC5-2CA33BD2DFF7}.Ad-Hoc|ARM.Build.0 = Release|Any CPU
		{EEA6C1FF-9B03-46D1-AAC5-2CA33BD2DFF7}.Ad-Hoc|ARM.Deploy.0 = Release|Any CPU
		{EEA6C1FF-9B03-46D1-AAC5-2CA33BD2DFF7}.Ad-Hoc|iPhone.ActiveCfg = Release|Any CPU
		{EEA6C1FF-9B03-46D1-AAC5-2CA33BD2DFF7}.Ad-Hoc|iPhone.Build.0 = Release|Any CPU
		{EEA6C1FF-9B03-46D1-AAC5-2CA33BD2DFF7}.Ad-Hoc|iPhone.Deploy.0 = Release|Any CPU
		{EEA6C1FF-9B03-46D1-AAC5-2CA33BD2DFF7}.Ad-Hoc|iPhoneSimulator.ActiveCfg = Release|Any CPU
		{EEA6C1FF-9B03-46D1-AAC5-2CA33BD2DFF7}.Ad-Hoc|iPhoneSimulator.Build.0 = Release|Any CPU
		{EEA6C1FF-9B03-46D1-AAC5-2CA33BD2DFF7}.Ad-Hoc|iPhoneSimulator.Deploy.0 = Release|Any CPU
		{EEA6C1FF-9B03-46D1-AAC5-2CA33BD2DFF7}.Ad-Hoc|x64.ActiveCfg = Release|Any CPU
		{EEA6C1FF-9B03-46D1-AAC5-2CA33BD2DFF7}.Ad-Hoc|x64.Build.0 = Release|Any CPU
		{EEA6C1FF-9B03-46D1-AAC5-2CA33BD2DFF7}.Ad-Hoc|x64.Deploy.0 = Release|Any CPU
		{EEA6C1FF-9B03-46D1-AAC5-2CA33BD2DFF7}.Ad-Hoc|x86.ActiveCfg = Release|Any CPU
		{EEA6C1FF-9B03-46D1-AAC5-2CA33BD2DFF7}.Ad-Hoc|x86.Build.0 = Release|Any CPU
		{EEA6C1FF-9B03-46D1-AAC5-2CA33BD2DFF7}.Ad-Hoc|x86.Deploy.0 = Release|Any CPU
		{EEA6C1FF-9B03-46D1-AAC5-2CA33BD2DFF7}.AppStore|Any CPU.ActiveCfg = Release|Any CPU
		{EEA6C1FF-9B03-46D1-AAC5-2CA33BD2DFF7}.AppStore|Any CPU.Build.0 = Release|Any CPU
		{EEA6C1FF-9B03-46D1-AAC5-2CA33BD2DFF7}.AppStore|Any CPU.Deploy.0 = Release|Any CPU
		{EEA6C1FF-9B03-46D1-AAC5-2CA33BD2DFF7}.AppStore|ARM.ActiveCfg = Release|Any CPU
		{EEA6C1FF-9B03-46D1-AAC5-2CA33BD2DFF7}.AppStore|ARM.Build.0 = Release|Any CPU
		{EEA6C1FF-9B03-46D1-AAC5-2CA33BD2DFF7}.AppStore|ARM.Deploy.0 = Release|Any CPU
		{EEA6C1FF-9B03-46D1-AAC5-2CA33BD2DFF7}.AppStore|iPhone.ActiveCfg = Release|Any CPU
		{EEA6C1FF-9B03-46D1-AAC5-2CA33BD2DFF7}.AppStore|iPhone.Build.0 = Release|Any CPU
		{EEA6C1FF-9B03-46D1-AAC5-2CA33BD2DFF7}.AppStore|iPhone.Deploy.0 = Release|Any CPU
		{EEA6C1FF-9B03-46D1-AAC5-2CA33BD2DFF7}.AppStore|iPhoneSimulator.ActiveCfg = Release|Any CPU
		{EEA6C1FF-9B03-46D1-AAC5-2CA33BD2DFF7}.AppStore|iPhoneSimulator.Build.0 = Release|Any CPU
		{EEA6C1FF-9B03-46D1-AAC5-2CA33BD2DFF7}.AppStore|iPhoneSimulator.Deploy.0 = Release|Any CPU
		{EEA6C1FF-9B03-46D1-AAC5-2CA33BD2DFF7}.AppStore|x64.ActiveCfg = Release|Any CPU
		{EEA6C1FF-9B03-46D1-AAC5-2CA33BD2DFF7}.AppStore|x64.Build.0 = Release|Any CPU
		{EEA6C1FF-9B03-46D1-AAC5-2CA33BD2DFF7}.AppStore|x64.Deploy.0 = Release|Any CPU
		{EEA6C1FF-9B03-46D1-AAC5-2CA33BD2DFF7}.AppStore|x86.ActiveCfg = Release|Any CPU
		{EEA6C1FF-9B03-46D1-AAC5-2CA33BD2DFF7}.AppStore|x86.Build.0 = Release|Any CPU
		{EEA6C1FF-9B03-46D1-AAC5-2CA33BD2DFF7}.AppStore|x86.Deploy.0 = Release|Any CPU
		{EEA6C1FF-9B03-46D1-AAC5-2CA33BD2DFF7}.Debug|Any CPU.ActiveCfg = Debug|Any CPU
		{EEA6C1FF-9B03-46D1-AAC5-2CA33BD2DFF7}.Debug|Any CPU.Build.0 = Debug|Any CPU
		{EEA6C1FF-9B03-46D1-AAC5-2CA33BD2DFF7}.Debug|Any CPU.Deploy.0 = Debug|Any CPU
		{EEA6C1FF-9B03-46D1-AAC5-2CA33BD2DFF7}.Debug|ARM.ActiveCfg = Debug|Any CPU
		{EEA6C1FF-9B03-46D1-AAC5-2CA33BD2DFF7}.Debug|ARM.Build.0 = Debug|Any CPU
		{EEA6C1FF-9B03-46D1-AAC5-2CA33BD2DFF7}.Debug|ARM.Deploy.0 = Debug|Any CPU
		{EEA6C1FF-9B03-46D1-AAC5-2CA33BD2DFF7}.Debug|iPhone.ActiveCfg = Debug|Any CPU
		{EEA6C1FF-9B03-46D1-AAC5-2CA33BD2DFF7}.Debug|iPhone.Build.0 = Debug|Any CPU
		{EEA6C1FF-9B03-46D1-AAC5-2CA33BD2DFF7}.Debug|iPhone.Deploy.0 = Debug|Any CPU
		{EEA6C1FF-9B03-46D1-AAC5-2CA33BD2DFF7}.Debug|iPhoneSimulator.ActiveCfg = Debug|Any CPU
		{EEA6C1FF-9B03-46D1-AAC5-2CA33BD2DFF7}.Debug|iPhoneSimulator.Build.0 = Debug|Any CPU
		{EEA6C1FF-9B03-46D1-AAC5-2CA33BD2DFF7}.Debug|iPhoneSimulator.Deploy.0 = Debug|Any CPU
		{EEA6C1FF-9B03-46D1-AAC5-2CA33BD2DFF7}.Debug|x64.ActiveCfg = Debug|Any CPU
		{EEA6C1FF-9B03-46D1-AAC5-2CA33BD2DFF7}.Debug|x64.Build.0 = Debug|Any CPU
		{EEA6C1FF-9B03-46D1-AAC5-2CA33BD2DFF7}.Debug|x64.Deploy.0 = Debug|Any CPU
		{EEA6C1FF-9B03-46D1-AAC5-2CA33BD2DFF7}.Debug|x86.ActiveCfg = Debug|Any CPU
		{EEA6C1FF-9B03-46D1-AAC5-2CA33BD2DFF7}.Debug|x86.Build.0 = Debug|Any CPU
		{EEA6C1FF-9B03-46D1-AAC5-2CA33BD2DFF7}.Debug|x86.Deploy.0 = Debug|Any CPU
		{EEA6C1FF-9B03-46D1-AAC5-2CA33BD2DFF7}.Release|Any CPU.ActiveCfg = Release|Any CPU
		{EEA6C1FF-9B03-46D1-AAC5-2CA33BD2DFF7}.Release|Any CPU.Build.0 = Release|Any CPU
		{EEA6C1FF-9B03-46D1-AAC5-2CA33BD2DFF7}.Release|Any CPU.Deploy.0 = Release|Any CPU
		{EEA6C1FF-9B03-46D1-AAC5-2CA33BD2DFF7}.Release|ARM.ActiveCfg = Release|Any CPU
		{EEA6C1FF-9B03-46D1-AAC5-2CA33BD2DFF7}.Release|ARM.Build.0 = Release|Any CPU
		{EEA6C1FF-9B03-46D1-AAC5-2CA33BD2DFF7}.Release|ARM.Deploy.0 = Release|Any CPU
		{EEA6C1FF-9B03-46D1-AAC5-2CA33BD2DFF7}.Release|iPhone.ActiveCfg = Release|Any CPU
		{EEA6C1FF-9B03-46D1-AAC5-2CA33BD2DFF7}.Release|iPhone.Build.0 = Release|Any CPU
		{EEA6C1FF-9B03-46D1-AAC5-2CA33BD2DFF7}.Release|iPhone.Deploy.0 = Release|Any CPU
		{EEA6C1FF-9B03-46D1-AAC5-2CA33BD2DFF7}.Release|iPhoneSimulator.ActiveCfg = Release|Any CPU
		{EEA6C1FF-9B03-46D1-AAC5-2CA33BD2DFF7}.Release|iPhoneSimulator.Build.0 = Release|Any CPU
		{EEA6C1FF-9B03-46D1-AAC5-2CA33BD2DFF7}.Release|iPhoneSimulator.Deploy.0 = Release|Any CPU
		{EEA6C1FF-9B03-46D1-AAC5-2CA33BD2DFF7}.Release|x64.ActiveCfg = Release|Any CPU
		{EEA6C1FF-9B03-46D1-AAC5-2CA33BD2DFF7}.Release|x64.Build.0 = Release|Any CPU
		{EEA6C1FF-9B03-46D1-AAC5-2CA33BD2DFF7}.Release|x64.Deploy.0 = Release|Any CPU
		{EEA6C1FF-9B03-46D1-AAC5-2CA33BD2DFF7}.Release|x86.ActiveCfg = Release|Any CPU
		{EEA6C1FF-9B03-46D1-AAC5-2CA33BD2DFF7}.Release|x86.Build.0 = Release|Any CPU
		{EEA6C1FF-9B03-46D1-AAC5-2CA33BD2DFF7}.Release|x86.Deploy.0 = Release|Any CPU
		{EEA6C1FF-9B03-46D1-AAC5-2CA33BD2DFF7}.SingleImage|Any CPU.ActiveCfg = Release|Any CPU
		{EEA6C1FF-9B03-46D1-AAC5-2CA33BD2DFF7}.SingleImage|Any CPU.Build.0 = Release|Any CPU
		{EEA6C1FF-9B03-46D1-AAC5-2CA33BD2DFF7}.SingleImage|Any CPU.Deploy.0 = Release|Any CPU
		{EEA6C1FF-9B03-46D1-AAC5-2CA33BD2DFF7}.SingleImage|ARM.ActiveCfg = Release|Any CPU
		{EEA6C1FF-9B03-46D1-AAC5-2CA33BD2DFF7}.SingleImage|ARM.Build.0 = Release|Any CPU
		{EEA6C1FF-9B03-46D1-AAC5-2CA33BD2DFF7}.SingleImage|ARM.Deploy.0 = Release|Any CPU
		{EEA6C1FF-9B03-46D1-AAC5-2CA33BD2DFF7}.SingleImage|iPhone.ActiveCfg = Release|Any CPU
		{EEA6C1FF-9B03-46D1-AAC5-2CA33BD2DFF7}.SingleImage|iPhone.Build.0 = Release|Any CPU
		{EEA6C1FF-9B03-46D1-AAC5-2CA33BD2DFF7}.SingleImage|iPhone.Deploy.0 = Release|Any CPU
		{EEA6C1FF-9B03-46D1-AAC5-2CA33BD2DFF7}.SingleImage|iPhoneSimulator.ActiveCfg = Release|Any CPU
		{EEA6C1FF-9B03-46D1-AAC5-2CA33BD2DFF7}.SingleImage|iPhoneSimulator.Build.0 = Release|Any CPU
		{EEA6C1FF-9B03-46D1-AAC5-2CA33BD2DFF7}.SingleImage|iPhoneSimulator.Deploy.0 = Release|Any CPU
		{EEA6C1FF-9B03-46D1-AAC5-2CA33BD2DFF7}.SingleImage|x64.ActiveCfg = Release|Any CPU
		{EEA6C1FF-9B03-46D1-AAC5-2CA33BD2DFF7}.SingleImage|x64.Build.0 = Release|Any CPU
		{EEA6C1FF-9B03-46D1-AAC5-2CA33BD2DFF7}.SingleImage|x64.Deploy.0 = Release|Any CPU
		{EEA6C1FF-9B03-46D1-AAC5-2CA33BD2DFF7}.SingleImage|x86.ActiveCfg = Release|Any CPU
		{EEA6C1FF-9B03-46D1-AAC5-2CA33BD2DFF7}.SingleImage|x86.Build.0 = Release|Any CPU
		{EEA6C1FF-9B03-46D1-AAC5-2CA33BD2DFF7}.SingleImage|x86.Deploy.0 = Release|Any CPU
		{DE9979EE-B3D8-435A-940B-7611BC624C0E}.Ad-Hoc|Any CPU.ActiveCfg = Ad-Hoc|iPhone
		{DE9979EE-B3D8-435A-940B-7611BC624C0E}.Ad-Hoc|ARM.ActiveCfg = Ad-Hoc|iPhone
		{DE9979EE-B3D8-435A-940B-7611BC624C0E}.Ad-Hoc|iPhone.ActiveCfg = Ad-Hoc|iPhone
		{DE9979EE-B3D8-435A-940B-7611BC624C0E}.Ad-Hoc|iPhone.Build.0 = Ad-Hoc|iPhone
		{DE9979EE-B3D8-435A-940B-7611BC624C0E}.Ad-Hoc|iPhoneSimulator.ActiveCfg = Ad-Hoc|iPhoneSimulator
		{DE9979EE-B3D8-435A-940B-7611BC624C0E}.Ad-Hoc|iPhoneSimulator.Build.0 = Ad-Hoc|iPhoneSimulator
		{DE9979EE-B3D8-435A-940B-7611BC624C0E}.Ad-Hoc|x64.ActiveCfg = Ad-Hoc|iPhone
		{DE9979EE-B3D8-435A-940B-7611BC624C0E}.Ad-Hoc|x86.ActiveCfg = Ad-Hoc|iPhone
		{DE9979EE-B3D8-435A-940B-7611BC624C0E}.AppStore|Any CPU.ActiveCfg = AppStore|iPhone
		{DE9979EE-B3D8-435A-940B-7611BC624C0E}.AppStore|ARM.ActiveCfg = AppStore|iPhone
		{DE9979EE-B3D8-435A-940B-7611BC624C0E}.AppStore|iPhone.ActiveCfg = AppStore|iPhone
		{DE9979EE-B3D8-435A-940B-7611BC624C0E}.AppStore|iPhone.Build.0 = AppStore|iPhone
		{DE9979EE-B3D8-435A-940B-7611BC624C0E}.AppStore|iPhoneSimulator.ActiveCfg = AppStore|iPhoneSimulator
		{DE9979EE-B3D8-435A-940B-7611BC624C0E}.AppStore|iPhoneSimulator.Build.0 = AppStore|iPhoneSimulator
		{DE9979EE-B3D8-435A-940B-7611BC624C0E}.AppStore|x64.ActiveCfg = AppStore|iPhone
		{DE9979EE-B3D8-435A-940B-7611BC624C0E}.AppStore|x86.ActiveCfg = AppStore|iPhone
		{DE9979EE-B3D8-435A-940B-7611BC624C0E}.Debug|Any CPU.ActiveCfg = Debug|iPhone
		{DE9979EE-B3D8-435A-940B-7611BC624C0E}.Debug|ARM.ActiveCfg = Debug|iPhone
		{DE9979EE-B3D8-435A-940B-7611BC624C0E}.Debug|iPhone.ActiveCfg = Debug|iPhone
		{DE9979EE-B3D8-435A-940B-7611BC624C0E}.Debug|iPhone.Build.0 = Debug|iPhone
		{DE9979EE-B3D8-435A-940B-7611BC624C0E}.Debug|iPhoneSimulator.ActiveCfg = Debug|iPhoneSimulator
		{DE9979EE-B3D8-435A-940B-7611BC624C0E}.Debug|iPhoneSimulator.Build.0 = Debug|iPhoneSimulator
		{DE9979EE-B3D8-435A-940B-7611BC624C0E}.Debug|x64.ActiveCfg = Debug|iPhone
		{DE9979EE-B3D8-435A-940B-7611BC624C0E}.Debug|x86.ActiveCfg = Debug|iPhone
		{DE9979EE-B3D8-435A-940B-7611BC624C0E}.Release|Any CPU.ActiveCfg = Release|iPhone
		{DE9979EE-B3D8-435A-940B-7611BC624C0E}.Release|ARM.ActiveCfg = Release|iPhone
		{DE9979EE-B3D8-435A-940B-7611BC624C0E}.Release|iPhone.ActiveCfg = Release|iPhone
		{DE9979EE-B3D8-435A-940B-7611BC624C0E}.Release|iPhone.Build.0 = Release|iPhone
		{DE9979EE-B3D8-435A-940B-7611BC624C0E}.Release|iPhoneSimulator.ActiveCfg = Release|iPhoneSimulator
		{DE9979EE-B3D8-435A-940B-7611BC624C0E}.Release|iPhoneSimulator.Build.0 = Release|iPhoneSimulator
		{DE9979EE-B3D8-435A-940B-7611BC624C0E}.Release|x64.ActiveCfg = Release|iPhone
		{DE9979EE-B3D8-435A-940B-7611BC624C0E}.Release|x86.ActiveCfg = Release|iPhone
		{DE9979EE-B3D8-435A-940B-7611BC624C0E}.SingleImage|Any CPU.ActiveCfg = AppStore|iPhone
		{DE9979EE-B3D8-435A-940B-7611BC624C0E}.SingleImage|Any CPU.Build.0 = AppStore|iPhone
		{DE9979EE-B3D8-435A-940B-7611BC624C0E}.SingleImage|ARM.ActiveCfg = AppStore|iPhone
		{DE9979EE-B3D8-435A-940B-7611BC624C0E}.SingleImage|ARM.Build.0 = AppStore|iPhone
		{DE9979EE-B3D8-435A-940B-7611BC624C0E}.SingleImage|iPhone.ActiveCfg = AppStore|iPhone
		{DE9979EE-B3D8-435A-940B-7611BC624C0E}.SingleImage|iPhone.Build.0 = AppStore|iPhone
		{DE9979EE-B3D8-435A-940B-7611BC624C0E}.SingleImage|iPhoneSimulator.ActiveCfg = AppStore|iPhoneSimulator
		{DE9979EE-B3D8-435A-940B-7611BC624C0E}.SingleImage|iPhoneSimulator.Build.0 = AppStore|iPhoneSimulator
		{DE9979EE-B3D8-435A-940B-7611BC624C0E}.SingleImage|x64.ActiveCfg = AppStore|iPhone
		{DE9979EE-B3D8-435A-940B-7611BC624C0E}.SingleImage|x64.Build.0 = AppStore|iPhone
		{DE9979EE-B3D8-435A-940B-7611BC624C0E}.SingleImage|x86.ActiveCfg = AppStore|iPhone
		{DE9979EE-B3D8-435A-940B-7611BC624C0E}.SingleImage|x86.Build.0 = AppStore|iPhone
		{879E02DA-5322-4E3B-A225-F4C8D23513E9}.Ad-Hoc|Any CPU.ActiveCfg = Release|Any CPU
		{879E02DA-5322-4E3B-A225-F4C8D23513E9}.Ad-Hoc|Any CPU.Build.0 = Release|Any CPU
		{879E02DA-5322-4E3B-A225-F4C8D23513E9}.Ad-Hoc|Any CPU.Deploy.0 = Release|Any CPU
		{879E02DA-5322-4E3B-A225-F4C8D23513E9}.Ad-Hoc|ARM.ActiveCfg = Release|ARM
		{879E02DA-5322-4E3B-A225-F4C8D23513E9}.Ad-Hoc|ARM.Build.0 = Release|ARM
		{879E02DA-5322-4E3B-A225-F4C8D23513E9}.Ad-Hoc|ARM.Deploy.0 = Release|ARM
		{879E02DA-5322-4E3B-A225-F4C8D23513E9}.Ad-Hoc|iPhone.ActiveCfg = Release|Any CPU
		{879E02DA-5322-4E3B-A225-F4C8D23513E9}.Ad-Hoc|iPhone.Build.0 = Release|Any CPU
		{879E02DA-5322-4E3B-A225-F4C8D23513E9}.Ad-Hoc|iPhone.Deploy.0 = Release|Any CPU
		{879E02DA-5322-4E3B-A225-F4C8D23513E9}.Ad-Hoc|iPhoneSimulator.ActiveCfg = Release|Any CPU
		{879E02DA-5322-4E3B-A225-F4C8D23513E9}.Ad-Hoc|iPhoneSimulator.Build.0 = Release|Any CPU
		{879E02DA-5322-4E3B-A225-F4C8D23513E9}.Ad-Hoc|iPhoneSimulator.Deploy.0 = Release|Any CPU
		{879E02DA-5322-4E3B-A225-F4C8D23513E9}.Ad-Hoc|x64.ActiveCfg = Release|Any CPU
		{879E02DA-5322-4E3B-A225-F4C8D23513E9}.Ad-Hoc|x64.Build.0 = Release|Any CPU
		{879E02DA-5322-4E3B-A225-F4C8D23513E9}.Ad-Hoc|x64.Deploy.0 = Release|Any CPU
		{879E02DA-5322-4E3B-A225-F4C8D23513E9}.Ad-Hoc|x86.ActiveCfg = Release|x86
		{879E02DA-5322-4E3B-A225-F4C8D23513E9}.Ad-Hoc|x86.Build.0 = Release|x86
		{879E02DA-5322-4E3B-A225-F4C8D23513E9}.Ad-Hoc|x86.Deploy.0 = Release|x86
		{879E02DA-5322-4E3B-A225-F4C8D23513E9}.AppStore|Any CPU.ActiveCfg = Release|Any CPU
		{879E02DA-5322-4E3B-A225-F4C8D23513E9}.AppStore|Any CPU.Build.0 = Release|Any CPU
		{879E02DA-5322-4E3B-A225-F4C8D23513E9}.AppStore|Any CPU.Deploy.0 = Release|Any CPU
		{879E02DA-5322-4E3B-A225-F4C8D23513E9}.AppStore|ARM.ActiveCfg = Release|ARM
		{879E02DA-5322-4E3B-A225-F4C8D23513E9}.AppStore|ARM.Build.0 = Release|ARM
		{879E02DA-5322-4E3B-A225-F4C8D23513E9}.AppStore|ARM.Deploy.0 = Release|ARM
		{879E02DA-5322-4E3B-A225-F4C8D23513E9}.AppStore|iPhone.ActiveCfg = Release|Any CPU
		{879E02DA-5322-4E3B-A225-F4C8D23513E9}.AppStore|iPhone.Build.0 = Release|Any CPU
		{879E02DA-5322-4E3B-A225-F4C8D23513E9}.AppStore|iPhone.Deploy.0 = Release|Any CPU
		{879E02DA-5322-4E3B-A225-F4C8D23513E9}.AppStore|iPhoneSimulator.ActiveCfg = Release|Any CPU
		{879E02DA-5322-4E3B-A225-F4C8D23513E9}.AppStore|iPhoneSimulator.Build.0 = Release|Any CPU
		{879E02DA-5322-4E3B-A225-F4C8D23513E9}.AppStore|iPhoneSimulator.Deploy.0 = Release|Any CPU
		{879E02DA-5322-4E3B-A225-F4C8D23513E9}.AppStore|x64.ActiveCfg = Release|Any CPU
		{879E02DA-5322-4E3B-A225-F4C8D23513E9}.AppStore|x64.Build.0 = Release|Any CPU
		{879E02DA-5322-4E3B-A225-F4C8D23513E9}.AppStore|x64.Deploy.0 = Release|Any CPU
		{879E02DA-5322-4E3B-A225-F4C8D23513E9}.AppStore|x86.ActiveCfg = Release|x86
		{879E02DA-5322-4E3B-A225-F4C8D23513E9}.AppStore|x86.Build.0 = Release|x86
		{879E02DA-5322-4E3B-A225-F4C8D23513E9}.AppStore|x86.Deploy.0 = Release|x86
		{879E02DA-5322-4E3B-A225-F4C8D23513E9}.Debug|Any CPU.ActiveCfg = Debug|Any CPU
		{879E02DA-5322-4E3B-A225-F4C8D23513E9}.Debug|Any CPU.Build.0 = Debug|Any CPU
		{879E02DA-5322-4E3B-A225-F4C8D23513E9}.Debug|Any CPU.Deploy.0 = Debug|Any CPU
		{879E02DA-5322-4E3B-A225-F4C8D23513E9}.Debug|ARM.ActiveCfg = Debug|ARM
		{879E02DA-5322-4E3B-A225-F4C8D23513E9}.Debug|ARM.Build.0 = Debug|ARM
		{879E02DA-5322-4E3B-A225-F4C8D23513E9}.Debug|ARM.Deploy.0 = Debug|ARM
		{879E02DA-5322-4E3B-A225-F4C8D23513E9}.Debug|iPhone.ActiveCfg = Debug|Any CPU
		{879E02DA-5322-4E3B-A225-F4C8D23513E9}.Debug|iPhone.Build.0 = Debug|Any CPU
		{879E02DA-5322-4E3B-A225-F4C8D23513E9}.Debug|iPhone.Deploy.0 = Debug|Any CPU
		{879E02DA-5322-4E3B-A225-F4C8D23513E9}.Debug|iPhoneSimulator.ActiveCfg = Debug|Any CPU
		{879E02DA-5322-4E3B-A225-F4C8D23513E9}.Debug|iPhoneSimulator.Build.0 = Debug|Any CPU
		{879E02DA-5322-4E3B-A225-F4C8D23513E9}.Debug|iPhoneSimulator.Deploy.0 = Debug|Any CPU
		{879E02DA-5322-4E3B-A225-F4C8D23513E9}.Debug|x64.ActiveCfg = Debug|Any CPU
		{879E02DA-5322-4E3B-A225-F4C8D23513E9}.Debug|x64.Build.0 = Debug|Any CPU
		{879E02DA-5322-4E3B-A225-F4C8D23513E9}.Debug|x64.Deploy.0 = Debug|Any CPU
		{879E02DA-5322-4E3B-A225-F4C8D23513E9}.Debug|x86.ActiveCfg = Debug|x86
		{879E02DA-5322-4E3B-A225-F4C8D23513E9}.Debug|x86.Build.0 = Debug|x86
		{879E02DA-5322-4E3B-A225-F4C8D23513E9}.Debug|x86.Deploy.0 = Debug|x86
		{879E02DA-5322-4E3B-A225-F4C8D23513E9}.Release|Any CPU.ActiveCfg = Release|Any CPU
		{879E02DA-5322-4E3B-A225-F4C8D23513E9}.Release|Any CPU.Build.0 = Release|Any CPU
		{879E02DA-5322-4E3B-A225-F4C8D23513E9}.Release|Any CPU.Deploy.0 = Release|Any CPU
		{879E02DA-5322-4E3B-A225-F4C8D23513E9}.Release|ARM.ActiveCfg = Release|ARM
		{879E02DA-5322-4E3B-A225-F4C8D23513E9}.Release|ARM.Build.0 = Release|ARM
		{879E02DA-5322-4E3B-A225-F4C8D23513E9}.Release|ARM.Deploy.0 = Release|ARM
		{879E02DA-5322-4E3B-A225-F4C8D23513E9}.Release|iPhone.ActiveCfg = Release|Any CPU
		{879E02DA-5322-4E3B-A225-F4C8D23513E9}.Release|iPhone.Build.0 = Release|Any CPU
		{879E02DA-5322-4E3B-A225-F4C8D23513E9}.Release|iPhone.Deploy.0 = Release|Any CPU
		{879E02DA-5322-4E3B-A225-F4C8D23513E9}.Release|iPhoneSimulator.ActiveCfg = Release|Any CPU
		{879E02DA-5322-4E3B-A225-F4C8D23513E9}.Release|iPhoneSimulator.Build.0 = Release|Any CPU
		{879E02DA-5322-4E3B-A225-F4C8D23513E9}.Release|iPhoneSimulator.Deploy.0 = Release|Any CPU
		{879E02DA-5322-4E3B-A225-F4C8D23513E9}.Release|x64.ActiveCfg = Release|Any CPU
		{879E02DA-5322-4E3B-A225-F4C8D23513E9}.Release|x64.Build.0 = Release|Any CPU
		{879E02DA-5322-4E3B-A225-F4C8D23513E9}.Release|x64.Deploy.0 = Release|Any CPU
		{879E02DA-5322-4E3B-A225-F4C8D23513E9}.Release|x86.ActiveCfg = Release|x86
		{879E02DA-5322-4E3B-A225-F4C8D23513E9}.Release|x86.Build.0 = Release|x86
		{879E02DA-5322-4E3B-A225-F4C8D23513E9}.Release|x86.Deploy.0 = Release|x86
		{879E02DA-5322-4E3B-A225-F4C8D23513E9}.SingleImage|Any CPU.ActiveCfg = Release|Any CPU
		{879E02DA-5322-4E3B-A225-F4C8D23513E9}.SingleImage|Any CPU.Build.0 = Release|Any CPU
		{879E02DA-5322-4E3B-A225-F4C8D23513E9}.SingleImage|Any CPU.Deploy.0 = Release|Any CPU
		{879E02DA-5322-4E3B-A225-F4C8D23513E9}.SingleImage|ARM.ActiveCfg = Release|ARM
		{879E02DA-5322-4E3B-A225-F4C8D23513E9}.SingleImage|ARM.Build.0 = Release|ARM
		{879E02DA-5322-4E3B-A225-F4C8D23513E9}.SingleImage|ARM.Deploy.0 = Release|ARM
		{879E02DA-5322-4E3B-A225-F4C8D23513E9}.SingleImage|iPhone.ActiveCfg = Release|Any CPU
		{879E02DA-5322-4E3B-A225-F4C8D23513E9}.SingleImage|iPhone.Build.0 = Release|Any CPU
		{879E02DA-5322-4E3B-A225-F4C8D23513E9}.SingleImage|iPhone.Deploy.0 = Release|Any CPU
		{879E02DA-5322-4E3B-A225-F4C8D23513E9}.SingleImage|iPhoneSimulator.ActiveCfg = Release|Any CPU
		{879E02DA-5322-4E3B-A225-F4C8D23513E9}.SingleImage|iPhoneSimulator.Build.0 = Release|Any CPU
		{879E02DA-5322-4E3B-A225-F4C8D23513E9}.SingleImage|iPhoneSimulator.Deploy.0 = Release|Any CPU
		{879E02DA-5322-4E3B-A225-F4C8D23513E9}.SingleImage|x64.ActiveCfg = Release|Any CPU
		{879E02DA-5322-4E3B-A225-F4C8D23513E9}.SingleImage|x64.Build.0 = Release|Any CPU
		{879E02DA-5322-4E3B-A225-F4C8D23513E9}.SingleImage|x64.Deploy.0 = Release|Any CPU
		{879E02DA-5322-4E3B-A225-F4C8D23513E9}.SingleImage|x86.ActiveCfg = Release|x86
		{879E02DA-5322-4E3B-A225-F4C8D23513E9}.SingleImage|x86.Build.0 = Release|x86
		{879E02DA-5322-4E3B-A225-F4C8D23513E9}.SingleImage|x86.Deploy.0 = Release|x86
		{EB5C52F7-25CF-43E5-A1BC-5958EBB862EA}.Ad-Hoc|Any CPU.ActiveCfg = Release|x86
		{EB5C52F7-25CF-43E5-A1BC-5958EBB862EA}.Ad-Hoc|Any CPU.Build.0 = Release|x86
		{EB5C52F7-25CF-43E5-A1BC-5958EBB862EA}.Ad-Hoc|Any CPU.Deploy.0 = Release|x86
		{EB5C52F7-25CF-43E5-A1BC-5958EBB862EA}.Ad-Hoc|ARM.ActiveCfg = Release|ARM
		{EB5C52F7-25CF-43E5-A1BC-5958EBB862EA}.Ad-Hoc|ARM.Build.0 = Release|ARM
		{EB5C52F7-25CF-43E5-A1BC-5958EBB862EA}.Ad-Hoc|ARM.Deploy.0 = Release|ARM
		{EB5C52F7-25CF-43E5-A1BC-5958EBB862EA}.Ad-Hoc|iPhone.ActiveCfg = Release|x86
		{EB5C52F7-25CF-43E5-A1BC-5958EBB862EA}.Ad-Hoc|iPhone.Build.0 = Release|x86
		{EB5C52F7-25CF-43E5-A1BC-5958EBB862EA}.Ad-Hoc|iPhone.Deploy.0 = Release|x86
		{EB5C52F7-25CF-43E5-A1BC-5958EBB862EA}.Ad-Hoc|iPhoneSimulator.ActiveCfg = Release|x86
		{EB5C52F7-25CF-43E5-A1BC-5958EBB862EA}.Ad-Hoc|iPhoneSimulator.Build.0 = Release|x86
		{EB5C52F7-25CF-43E5-A1BC-5958EBB862EA}.Ad-Hoc|iPhoneSimulator.Deploy.0 = Release|x86
		{EB5C52F7-25CF-43E5-A1BC-5958EBB862EA}.Ad-Hoc|x64.ActiveCfg = Release|x64
		{EB5C52F7-25CF-43E5-A1BC-5958EBB862EA}.Ad-Hoc|x64.Build.0 = Release|x64
		{EB5C52F7-25CF-43E5-A1BC-5958EBB862EA}.Ad-Hoc|x64.Deploy.0 = Release|x64
		{EB5C52F7-25CF-43E5-A1BC-5958EBB862EA}.Ad-Hoc|x86.ActiveCfg = Release|x86
		{EB5C52F7-25CF-43E5-A1BC-5958EBB862EA}.Ad-Hoc|x86.Build.0 = Release|x86
		{EB5C52F7-25CF-43E5-A1BC-5958EBB862EA}.Ad-Hoc|x86.Deploy.0 = Release|x86
		{EB5C52F7-25CF-43E5-A1BC-5958EBB862EA}.AppStore|Any CPU.ActiveCfg = Release|x86
		{EB5C52F7-25CF-43E5-A1BC-5958EBB862EA}.AppStore|Any CPU.Build.0 = Release|x86
		{EB5C52F7-25CF-43E5-A1BC-5958EBB862EA}.AppStore|Any CPU.Deploy.0 = Release|x86
		{EB5C52F7-25CF-43E5-A1BC-5958EBB862EA}.AppStore|ARM.ActiveCfg = Release|ARM
		{EB5C52F7-25CF-43E5-A1BC-5958EBB862EA}.AppStore|ARM.Build.0 = Release|ARM
		{EB5C52F7-25CF-43E5-A1BC-5958EBB862EA}.AppStore|ARM.Deploy.0 = Release|ARM
		{EB5C52F7-25CF-43E5-A1BC-5958EBB862EA}.AppStore|iPhone.ActiveCfg = Release|x86
		{EB5C52F7-25CF-43E5-A1BC-5958EBB862EA}.AppStore|iPhone.Build.0 = Release|x86
		{EB5C52F7-25CF-43E5-A1BC-5958EBB862EA}.AppStore|iPhone.Deploy.0 = Release|x86
		{EB5C52F7-25CF-43E5-A1BC-5958EBB862EA}.AppStore|iPhoneSimulator.ActiveCfg = Release|x86
		{EB5C52F7-25CF-43E5-A1BC-5958EBB862EA}.AppStore|iPhoneSimulator.Build.0 = Release|x86
		{EB5C52F7-25CF-43E5-A1BC-5958EBB862EA}.AppStore|iPhoneSimulator.Deploy.0 = Release|x86
		{EB5C52F7-25CF-43E5-A1BC-5958EBB862EA}.AppStore|x64.ActiveCfg = Release|x64
		{EB5C52F7-25CF-43E5-A1BC-5958EBB862EA}.AppStore|x64.Build.0 = Release|x64
		{EB5C52F7-25CF-43E5-A1BC-5958EBB862EA}.AppStore|x64.Deploy.0 = Release|x64
		{EB5C52F7-25CF-43E5-A1BC-5958EBB862EA}.AppStore|x86.ActiveCfg = Release|x86
		{EB5C52F7-25CF-43E5-A1BC-5958EBB862EA}.AppStore|x86.Build.0 = Release|x86
		{EB5C52F7-25CF-43E5-A1BC-5958EBB862EA}.AppStore|x86.Deploy.0 = Release|x86
		{EB5C52F7-25CF-43E5-A1BC-5958EBB862EA}.Debug|Any CPU.ActiveCfg = Debug|x86
		{EB5C52F7-25CF-43E5-A1BC-5958EBB862EA}.Debug|ARM.ActiveCfg = Debug|ARM
		{EB5C52F7-25CF-43E5-A1BC-5958EBB862EA}.Debug|ARM.Build.0 = Debug|ARM
		{EB5C52F7-25CF-43E5-A1BC-5958EBB862EA}.Debug|ARM.Deploy.0 = Debug|ARM
		{EB5C52F7-25CF-43E5-A1BC-5958EBB862EA}.Debug|iPhone.ActiveCfg = Debug|x86
		{EB5C52F7-25CF-43E5-A1BC-5958EBB862EA}.Debug|iPhoneSimulator.ActiveCfg = Debug|x86
		{EB5C52F7-25CF-43E5-A1BC-5958EBB862EA}.Debug|x64.ActiveCfg = Debug|x64
		{EB5C52F7-25CF-43E5-A1BC-5958EBB862EA}.Debug|x64.Build.0 = Debug|x64
		{EB5C52F7-25CF-43E5-A1BC-5958EBB862EA}.Debug|x64.Deploy.0 = Debug|x64
		{EB5C52F7-25CF-43E5-A1BC-5958EBB862EA}.Debug|x86.ActiveCfg = Debug|x86
		{EB5C52F7-25CF-43E5-A1BC-5958EBB862EA}.Debug|x86.Build.0 = Debug|x86
		{EB5C52F7-25CF-43E5-A1BC-5958EBB862EA}.Debug|x86.Deploy.0 = Debug|x86
		{EB5C52F7-25CF-43E5-A1BC-5958EBB862EA}.Release|Any CPU.ActiveCfg = Release|x86
		{EB5C52F7-25CF-43E5-A1BC-5958EBB862EA}.Release|ARM.ActiveCfg = Release|ARM
		{EB5C52F7-25CF-43E5-A1BC-5958EBB862EA}.Release|ARM.Build.0 = Release|ARM
		{EB5C52F7-25CF-43E5-A1BC-5958EBB862EA}.Release|ARM.Deploy.0 = Release|ARM
		{EB5C52F7-25CF-43E5-A1BC-5958EBB862EA}.Release|iPhone.ActiveCfg = Release|x86
		{EB5C52F7-25CF-43E5-A1BC-5958EBB862EA}.Release|iPhoneSimulator.ActiveCfg = Release|x86
		{EB5C52F7-25CF-43E5-A1BC-5958EBB862EA}.Release|x64.ActiveCfg = Release|x64
		{EB5C52F7-25CF-43E5-A1BC-5958EBB862EA}.Release|x64.Build.0 = Release|x64
		{EB5C52F7-25CF-43E5-A1BC-5958EBB862EA}.Release|x64.Deploy.0 = Release|x64
		{EB5C52F7-25CF-43E5-A1BC-5958EBB862EA}.Release|x86.ActiveCfg = Release|x86
		{EB5C52F7-25CF-43E5-A1BC-5958EBB862EA}.Release|x86.Build.0 = Release|x86
		{EB5C52F7-25CF-43E5-A1BC-5958EBB862EA}.Release|x86.Deploy.0 = Release|x86
		{EB5C52F7-25CF-43E5-A1BC-5958EBB862EA}.SingleImage|Any CPU.ActiveCfg = Release|x86
		{EB5C52F7-25CF-43E5-A1BC-5958EBB862EA}.SingleImage|Any CPU.Build.0 = Release|x86
		{EB5C52F7-25CF-43E5-A1BC-5958EBB862EA}.SingleImage|Any CPU.Deploy.0 = Release|x86
		{EB5C52F7-25CF-43E5-A1BC-5958EBB862EA}.SingleImage|ARM.ActiveCfg = Release|ARM
		{EB5C52F7-25CF-43E5-A1BC-5958EBB862EA}.SingleImage|ARM.Build.0 = Release|ARM
		{EB5C52F7-25CF-43E5-A1BC-5958EBB862EA}.SingleImage|ARM.Deploy.0 = Release|ARM
		{EB5C52F7-25CF-43E5-A1BC-5958EBB862EA}.SingleImage|iPhone.ActiveCfg = Release|x86
		{EB5C52F7-25CF-43E5-A1BC-5958EBB862EA}.SingleImage|iPhone.Build.0 = Release|x86
		{EB5C52F7-25CF-43E5-A1BC-5958EBB862EA}.SingleImage|iPhone.Deploy.0 = Release|x86
		{EB5C52F7-25CF-43E5-A1BC-5958EBB862EA}.SingleImage|iPhoneSimulator.ActiveCfg = Release|x86
		{EB5C52F7-25CF-43E5-A1BC-5958EBB862EA}.SingleImage|iPhoneSimulator.Build.0 = Release|x86
		{EB5C52F7-25CF-43E5-A1BC-5958EBB862EA}.SingleImage|iPhoneSimulator.Deploy.0 = Release|x86
		{EB5C52F7-25CF-43E5-A1BC-5958EBB862EA}.SingleImage|x64.ActiveCfg = Release|x64
		{EB5C52F7-25CF-43E5-A1BC-5958EBB862EA}.SingleImage|x64.Build.0 = Release|x64
		{EB5C52F7-25CF-43E5-A1BC-5958EBB862EA}.SingleImage|x64.Deploy.0 = Release|x64
		{EB5C52F7-25CF-43E5-A1BC-5958EBB862EA}.SingleImage|x86.ActiveCfg = Release|x86
		{EB5C52F7-25CF-43E5-A1BC-5958EBB862EA}.SingleImage|x86.Build.0 = Release|x86
		{EB5C52F7-25CF-43E5-A1BC-5958EBB862EA}.SingleImage|x86.Deploy.0 = Release|x86
		{E8847B34-DBB6-4E0C-8B3E-841333D0D113}.Ad-Hoc|Any CPU.ActiveCfg = Release|Any CPU
		{E8847B34-DBB6-4E0C-8B3E-841333D0D113}.Ad-Hoc|Any CPU.Build.0 = Release|Any CPU
		{E8847B34-DBB6-4E0C-8B3E-841333D0D113}.Ad-Hoc|Any CPU.Deploy.0 = Release|Any CPU
		{E8847B34-DBB6-4E0C-8B3E-841333D0D113}.Ad-Hoc|ARM.ActiveCfg = Release|ARM
		{E8847B34-DBB6-4E0C-8B3E-841333D0D113}.Ad-Hoc|ARM.Build.0 = Release|ARM
		{E8847B34-DBB6-4E0C-8B3E-841333D0D113}.Ad-Hoc|ARM.Deploy.0 = Release|ARM
		{E8847B34-DBB6-4E0C-8B3E-841333D0D113}.Ad-Hoc|iPhone.ActiveCfg = Release|Any CPU
		{E8847B34-DBB6-4E0C-8B3E-841333D0D113}.Ad-Hoc|iPhone.Build.0 = Release|Any CPU
		{E8847B34-DBB6-4E0C-8B3E-841333D0D113}.Ad-Hoc|iPhone.Deploy.0 = Release|Any CPU
		{E8847B34-DBB6-4E0C-8B3E-841333D0D113}.Ad-Hoc|iPhoneSimulator.ActiveCfg = Release|Any CPU
		{E8847B34-DBB6-4E0C-8B3E-841333D0D113}.Ad-Hoc|iPhoneSimulator.Build.0 = Release|Any CPU
		{E8847B34-DBB6-4E0C-8B3E-841333D0D113}.Ad-Hoc|iPhoneSimulator.Deploy.0 = Release|Any CPU
		{E8847B34-DBB6-4E0C-8B3E-841333D0D113}.Ad-Hoc|x64.ActiveCfg = Release|x64
		{E8847B34-DBB6-4E0C-8B3E-841333D0D113}.Ad-Hoc|x64.Build.0 = Release|x64
		{E8847B34-DBB6-4E0C-8B3E-841333D0D113}.Ad-Hoc|x64.Deploy.0 = Release|x64
		{E8847B34-DBB6-4E0C-8B3E-841333D0D113}.Ad-Hoc|x86.ActiveCfg = Release|x86
		{E8847B34-DBB6-4E0C-8B3E-841333D0D113}.Ad-Hoc|x86.Build.0 = Release|x86
		{E8847B34-DBB6-4E0C-8B3E-841333D0D113}.Ad-Hoc|x86.Deploy.0 = Release|x86
		{E8847B34-DBB6-4E0C-8B3E-841333D0D113}.AppStore|Any CPU.ActiveCfg = Release|Any CPU
		{E8847B34-DBB6-4E0C-8B3E-841333D0D113}.AppStore|Any CPU.Build.0 = Release|Any CPU
		{E8847B34-DBB6-4E0C-8B3E-841333D0D113}.AppStore|Any CPU.Deploy.0 = Release|Any CPU
		{E8847B34-DBB6-4E0C-8B3E-841333D0D113}.AppStore|ARM.ActiveCfg = Release|ARM
		{E8847B34-DBB6-4E0C-8B3E-841333D0D113}.AppStore|ARM.Build.0 = Release|ARM
		{E8847B34-DBB6-4E0C-8B3E-841333D0D113}.AppStore|ARM.Deploy.0 = Release|ARM
		{E8847B34-DBB6-4E0C-8B3E-841333D0D113}.AppStore|iPhone.ActiveCfg = Release|Any CPU
		{E8847B34-DBB6-4E0C-8B3E-841333D0D113}.AppStore|iPhone.Build.0 = Release|Any CPU
		{E8847B34-DBB6-4E0C-8B3E-841333D0D113}.AppStore|iPhone.Deploy.0 = Release|Any CPU
		{E8847B34-DBB6-4E0C-8B3E-841333D0D113}.AppStore|iPhoneSimulator.ActiveCfg = Release|Any CPU
		{E8847B34-DBB6-4E0C-8B3E-841333D0D113}.AppStore|iPhoneSimulator.Build.0 = Release|Any CPU
		{E8847B34-DBB6-4E0C-8B3E-841333D0D113}.AppStore|iPhoneSimulator.Deploy.0 = Release|Any CPU
		{E8847B34-DBB6-4E0C-8B3E-841333D0D113}.AppStore|x64.ActiveCfg = Release|x64
		{E8847B34-DBB6-4E0C-8B3E-841333D0D113}.AppStore|x64.Build.0 = Release|x64
		{E8847B34-DBB6-4E0C-8B3E-841333D0D113}.AppStore|x64.Deploy.0 = Release|x64
		{E8847B34-DBB6-4E0C-8B3E-841333D0D113}.AppStore|x86.ActiveCfg = Release|x86
		{E8847B34-DBB6-4E0C-8B3E-841333D0D113}.AppStore|x86.Build.0 = Release|x86
		{E8847B34-DBB6-4E0C-8B3E-841333D0D113}.AppStore|x86.Deploy.0 = Release|x86
		{E8847B34-DBB6-4E0C-8B3E-841333D0D113}.Debug|Any CPU.ActiveCfg = Debug|Any CPU
		{E8847B34-DBB6-4E0C-8B3E-841333D0D113}.Debug|Any CPU.Build.0 = Debug|Any CPU
		{E8847B34-DBB6-4E0C-8B3E-841333D0D113}.Debug|Any CPU.Deploy.0 = Debug|Any CPU
		{E8847B34-DBB6-4E0C-8B3E-841333D0D113}.Debug|ARM.ActiveCfg = Debug|ARM
		{E8847B34-DBB6-4E0C-8B3E-841333D0D113}.Debug|ARM.Build.0 = Debug|ARM
		{E8847B34-DBB6-4E0C-8B3E-841333D0D113}.Debug|ARM.Deploy.0 = Debug|ARM
		{E8847B34-DBB6-4E0C-8B3E-841333D0D113}.Debug|iPhone.ActiveCfg = Debug|Any CPU
		{E8847B34-DBB6-4E0C-8B3E-841333D0D113}.Debug|iPhone.Build.0 = Debug|Any CPU
		{E8847B34-DBB6-4E0C-8B3E-841333D0D113}.Debug|iPhone.Deploy.0 = Debug|Any CPU
		{E8847B34-DBB6-4E0C-8B3E-841333D0D113}.Debug|iPhoneSimulator.ActiveCfg = Debug|Any CPU
		{E8847B34-DBB6-4E0C-8B3E-841333D0D113}.Debug|iPhoneSimulator.Build.0 = Debug|Any CPU
		{E8847B34-DBB6-4E0C-8B3E-841333D0D113}.Debug|iPhoneSimulator.Deploy.0 = Debug|Any CPU
		{E8847B34-DBB6-4E0C-8B3E-841333D0D113}.Debug|x64.ActiveCfg = Debug|x64
		{E8847B34-DBB6-4E0C-8B3E-841333D0D113}.Debug|x64.Build.0 = Debug|x64
		{E8847B34-DBB6-4E0C-8B3E-841333D0D113}.Debug|x64.Deploy.0 = Debug|x64
		{E8847B34-DBB6-4E0C-8B3E-841333D0D113}.Debug|x86.ActiveCfg = Debug|x86
		{E8847B34-DBB6-4E0C-8B3E-841333D0D113}.Debug|x86.Build.0 = Debug|x86
		{E8847B34-DBB6-4E0C-8B3E-841333D0D113}.Debug|x86.Deploy.0 = Debug|x86
		{E8847B34-DBB6-4E0C-8B3E-841333D0D113}.Release|Any CPU.ActiveCfg = Release|Any CPU
		{E8847B34-DBB6-4E0C-8B3E-841333D0D113}.Release|Any CPU.Build.0 = Release|Any CPU
		{E8847B34-DBB6-4E0C-8B3E-841333D0D113}.Release|Any CPU.Deploy.0 = Release|Any CPU
		{E8847B34-DBB6-4E0C-8B3E-841333D0D113}.Release|ARM.ActiveCfg = Release|ARM
		{E8847B34-DBB6-4E0C-8B3E-841333D0D113}.Release|ARM.Build.0 = Release|ARM
		{E8847B34-DBB6-4E0C-8B3E-841333D0D113}.Release|ARM.Deploy.0 = Release|ARM
		{E8847B34-DBB6-4E0C-8B3E-841333D0D113}.Release|iPhone.ActiveCfg = Release|Any CPU
		{E8847B34-DBB6-4E0C-8B3E-841333D0D113}.Release|iPhone.Build.0 = Release|Any CPU
		{E8847B34-DBB6-4E0C-8B3E-841333D0D113}.Release|iPhone.Deploy.0 = Release|Any CPU
		{E8847B34-DBB6-4E0C-8B3E-841333D0D113}.Release|iPhoneSimulator.ActiveCfg = Release|Any CPU
		{E8847B34-DBB6-4E0C-8B3E-841333D0D113}.Release|iPhoneSimulator.Build.0 = Release|Any CPU
		{E8847B34-DBB6-4E0C-8B3E-841333D0D113}.Release|iPhoneSimulator.Deploy.0 = Release|Any CPU
		{E8847B34-DBB6-4E0C-8B3E-841333D0D113}.Release|x64.ActiveCfg = Release|x64
		{E8847B34-DBB6-4E0C-8B3E-841333D0D113}.Release|x64.Build.0 = Release|x64
		{E8847B34-DBB6-4E0C-8B3E-841333D0D113}.Release|x64.Deploy.0 = Release|x64
		{E8847B34-DBB6-4E0C-8B3E-841333D0D113}.Release|x86.ActiveCfg = Release|x86
		{E8847B34-DBB6-4E0C-8B3E-841333D0D113}.Release|x86.Build.0 = Release|x86
		{E8847B34-DBB6-4E0C-8B3E-841333D0D113}.Release|x86.Deploy.0 = Release|x86
		{E8847B34-DBB6-4E0C-8B3E-841333D0D113}.SingleImage|Any CPU.ActiveCfg = Release|Any CPU
		{E8847B34-DBB6-4E0C-8B3E-841333D0D113}.SingleImage|Any CPU.Build.0 = Release|Any CPU
		{E8847B34-DBB6-4E0C-8B3E-841333D0D113}.SingleImage|Any CPU.Deploy.0 = Release|Any CPU
		{E8847B34-DBB6-4E0C-8B3E-841333D0D113}.SingleImage|ARM.ActiveCfg = Release|ARM
		{E8847B34-DBB6-4E0C-8B3E-841333D0D113}.SingleImage|ARM.Build.0 = Release|ARM
		{E8847B34-DBB6-4E0C-8B3E-841333D0D113}.SingleImage|ARM.Deploy.0 = Release|ARM
		{E8847B34-DBB6-4E0C-8B3E-841333D0D113}.SingleImage|iPhone.ActiveCfg = Release|Any CPU
		{E8847B34-DBB6-4E0C-8B3E-841333D0D113}.SingleImage|iPhone.Build.0 = Release|Any CPU
		{E8847B34-DBB6-4E0C-8B3E-841333D0D113}.SingleImage|iPhone.Deploy.0 = Release|Any CPU
		{E8847B34-DBB6-4E0C-8B3E-841333D0D113}.SingleImage|iPhoneSimulator.ActiveCfg = Release|Any CPU
		{E8847B34-DBB6-4E0C-8B3E-841333D0D113}.SingleImage|iPhoneSimulator.Build.0 = Release|Any CPU
		{E8847B34-DBB6-4E0C-8B3E-841333D0D113}.SingleImage|iPhoneSimulator.Deploy.0 = Release|Any CPU
		{E8847B34-DBB6-4E0C-8B3E-841333D0D113}.SingleImage|x64.ActiveCfg = Release|x64
		{E8847B34-DBB6-4E0C-8B3E-841333D0D113}.SingleImage|x64.Build.0 = Release|x64
		{E8847B34-DBB6-4E0C-8B3E-841333D0D113}.SingleImage|x64.Deploy.0 = Release|x64
		{E8847B34-DBB6-4E0C-8B3E-841333D0D113}.SingleImage|x86.ActiveCfg = Release|x86
		{E8847B34-DBB6-4E0C-8B3E-841333D0D113}.SingleImage|x86.Build.0 = Release|x86
		{E8847B34-DBB6-4E0C-8B3E-841333D0D113}.SingleImage|x86.Deploy.0 = Release|x86
		{86EABB63-9D64-425C-AEB9-0B67372ED5F8}.Ad-Hoc|Any CPU.ActiveCfg = Release|Any CPU
		{86EABB63-9D64-425C-AEB9-0B67372ED5F8}.Ad-Hoc|Any CPU.Build.0 = Release|Any CPU
		{86EABB63-9D64-425C-AEB9-0B67372ED5F8}.Ad-Hoc|ARM.ActiveCfg = Release|Any CPU
		{86EABB63-9D64-425C-AEB9-0B67372ED5F8}.Ad-Hoc|ARM.Build.0 = Release|Any CPU
		{86EABB63-9D64-425C-AEB9-0B67372ED5F8}.Ad-Hoc|iPhone.ActiveCfg = Release|Any CPU
		{86EABB63-9D64-425C-AEB9-0B67372ED5F8}.Ad-Hoc|iPhone.Build.0 = Release|Any CPU
		{86EABB63-9D64-425C-AEB9-0B67372ED5F8}.Ad-Hoc|iPhoneSimulator.ActiveCfg = Release|Any CPU
		{86EABB63-9D64-425C-AEB9-0B67372ED5F8}.Ad-Hoc|iPhoneSimulator.Build.0 = Release|Any CPU
		{86EABB63-9D64-425C-AEB9-0B67372ED5F8}.Ad-Hoc|x64.ActiveCfg = Release|Any CPU
		{86EABB63-9D64-425C-AEB9-0B67372ED5F8}.Ad-Hoc|x64.Build.0 = Release|Any CPU
		{86EABB63-9D64-425C-AEB9-0B67372ED5F8}.Ad-Hoc|x86.ActiveCfg = Release|Any CPU
		{86EABB63-9D64-425C-AEB9-0B67372ED5F8}.Ad-Hoc|x86.Build.0 = Release|Any CPU
		{86EABB63-9D64-425C-AEB9-0B67372ED5F8}.AppStore|Any CPU.ActiveCfg = Release|Any CPU
		{86EABB63-9D64-425C-AEB9-0B67372ED5F8}.AppStore|Any CPU.Build.0 = Release|Any CPU
		{86EABB63-9D64-425C-AEB9-0B67372ED5F8}.AppStore|ARM.ActiveCfg = Release|Any CPU
		{86EABB63-9D64-425C-AEB9-0B67372ED5F8}.AppStore|ARM.Build.0 = Release|Any CPU
		{86EABB63-9D64-425C-AEB9-0B67372ED5F8}.AppStore|iPhone.ActiveCfg = Release|Any CPU
		{86EABB63-9D64-425C-AEB9-0B67372ED5F8}.AppStore|iPhone.Build.0 = Release|Any CPU
		{86EABB63-9D64-425C-AEB9-0B67372ED5F8}.AppStore|iPhoneSimulator.ActiveCfg = Release|Any CPU
		{86EABB63-9D64-425C-AEB9-0B67372ED5F8}.AppStore|iPhoneSimulator.Build.0 = Release|Any CPU
		{86EABB63-9D64-425C-AEB9-0B67372ED5F8}.AppStore|x64.ActiveCfg = Release|Any CPU
		{86EABB63-9D64-425C-AEB9-0B67372ED5F8}.AppStore|x64.Build.0 = Release|Any CPU
		{86EABB63-9D64-425C-AEB9-0B67372ED5F8}.AppStore|x86.ActiveCfg = Release|Any CPU
		{86EABB63-9D64-425C-AEB9-0B67372ED5F8}.AppStore|x86.Build.0 = Release|Any CPU
		{86EABB63-9D64-425C-AEB9-0B67372ED5F8}.Debug|Any CPU.ActiveCfg = Debug|Any CPU
		{86EABB63-9D64-425C-AEB9-0B67372ED5F8}.Debug|Any CPU.Build.0 = Debug|Any CPU
		{86EABB63-9D64-425C-AEB9-0B67372ED5F8}.Debug|ARM.ActiveCfg = Debug|Any CPU
		{86EABB63-9D64-425C-AEB9-0B67372ED5F8}.Debug|ARM.Build.0 = Debug|Any CPU
		{86EABB63-9D64-425C-AEB9-0B67372ED5F8}.Debug|iPhone.ActiveCfg = Debug|Any CPU
		{86EABB63-9D64-425C-AEB9-0B67372ED5F8}.Debug|iPhone.Build.0 = Debug|Any CPU
		{86EABB63-9D64-425C-AEB9-0B67372ED5F8}.Debug|iPhoneSimulator.ActiveCfg = Debug|Any CPU
		{86EABB63-9D64-425C-AEB9-0B67372ED5F8}.Debug|iPhoneSimulator.Build.0 = Debug|Any CPU
		{86EABB63-9D64-425C-AEB9-0B67372ED5F8}.Debug|x64.ActiveCfg = Debug|Any CPU
		{86EABB63-9D64-425C-AEB9-0B67372ED5F8}.Debug|x64.Build.0 = Debug|Any CPU
		{86EABB63-9D64-425C-AEB9-0B67372ED5F8}.Debug|x86.ActiveCfg = Debug|Any CPU
		{86EABB63-9D64-425C-AEB9-0B67372ED5F8}.Debug|x86.Build.0 = Debug|Any CPU
		{86EABB63-9D64-425C-AEB9-0B67372ED5F8}.Release|Any CPU.ActiveCfg = Release|Any CPU
		{86EABB63-9D64-425C-AEB9-0B67372ED5F8}.Release|Any CPU.Build.0 = Release|Any CPU
		{86EABB63-9D64-425C-AEB9-0B67372ED5F8}.Release|ARM.ActiveCfg = Release|Any CPU
		{86EABB63-9D64-425C-AEB9-0B67372ED5F8}.Release|ARM.Build.0 = Release|Any CPU
		{86EABB63-9D64-425C-AEB9-0B67372ED5F8}.Release|iPhone.ActiveCfg = Release|Any CPU
		{86EABB63-9D64-425C-AEB9-0B67372ED5F8}.Release|iPhone.Build.0 = Release|Any CPU
		{86EABB63-9D64-425C-AEB9-0B67372ED5F8}.Release|iPhoneSimulator.ActiveCfg = Release|Any CPU
		{86EABB63-9D64-425C-AEB9-0B67372ED5F8}.Release|iPhoneSimulator.Build.0 = Release|Any CPU
		{86EABB63-9D64-425C-AEB9-0B67372ED5F8}.Release|x64.ActiveCfg = Release|Any CPU
		{86EABB63-9D64-425C-AEB9-0B67372ED5F8}.Release|x64.Build.0 = Release|Any CPU
		{86EABB63-9D64-425C-AEB9-0B67372ED5F8}.Release|x86.ActiveCfg = Release|Any CPU
		{86EABB63-9D64-425C-AEB9-0B67372ED5F8}.Release|x86.Build.0 = Release|Any CPU
		{86EABB63-9D64-425C-AEB9-0B67372ED5F8}.SingleImage|Any CPU.ActiveCfg = Release|Any CPU
		{86EABB63-9D64-425C-AEB9-0B67372ED5F8}.SingleImage|Any CPU.Build.0 = Release|Any CPU
		{86EABB63-9D64-425C-AEB9-0B67372ED5F8}.SingleImage|ARM.ActiveCfg = Release|Any CPU
		{86EABB63-9D64-425C-AEB9-0B67372ED5F8}.SingleImage|ARM.Build.0 = Release|Any CPU
		{86EABB63-9D64-425C-AEB9-0B67372ED5F8}.SingleImage|iPhone.ActiveCfg = Release|Any CPU
		{86EABB63-9D64-425C-AEB9-0B67372ED5F8}.SingleImage|iPhone.Build.0 = Release|Any CPU
		{86EABB63-9D64-425C-AEB9-0B67372ED5F8}.SingleImage|iPhoneSimulator.ActiveCfg = Release|Any CPU
		{86EABB63-9D64-425C-AEB9-0B67372ED5F8}.SingleImage|iPhoneSimulator.Build.0 = Release|Any CPU
		{86EABB63-9D64-425C-AEB9-0B67372ED5F8}.SingleImage|x64.ActiveCfg = Release|Any CPU
		{86EABB63-9D64-425C-AEB9-0B67372ED5F8}.SingleImage|x64.Build.0 = Release|Any CPU
		{86EABB63-9D64-425C-AEB9-0B67372ED5F8}.SingleImage|x86.ActiveCfg = Release|Any CPU
		{86EABB63-9D64-425C-AEB9-0B67372ED5F8}.SingleImage|x86.Build.0 = Release|Any CPU
		{B74CD9D5-D77E-418D-B50A-7EE5F040F819}.Ad-Hoc|Any CPU.ActiveCfg = Release|Any CPU
		{B74CD9D5-D77E-418D-B50A-7EE5F040F819}.Ad-Hoc|Any CPU.Build.0 = Release|Any CPU
		{B74CD9D5-D77E-418D-B50A-7EE5F040F819}.Ad-Hoc|ARM.ActiveCfg = Release|Any CPU
		{B74CD9D5-D77E-418D-B50A-7EE5F040F819}.Ad-Hoc|ARM.Build.0 = Release|Any CPU
		{B74CD9D5-D77E-418D-B50A-7EE5F040F819}.Ad-Hoc|iPhone.ActiveCfg = Release|Any CPU
		{B74CD9D5-D77E-418D-B50A-7EE5F040F819}.Ad-Hoc|iPhone.Build.0 = Release|Any CPU
		{B74CD9D5-D77E-418D-B50A-7EE5F040F819}.Ad-Hoc|iPhoneSimulator.ActiveCfg = Release|Any CPU
		{B74CD9D5-D77E-418D-B50A-7EE5F040F819}.Ad-Hoc|iPhoneSimulator.Build.0 = Release|Any CPU
		{B74CD9D5-D77E-418D-B50A-7EE5F040F819}.Ad-Hoc|x64.ActiveCfg = Release|Any CPU
		{B74CD9D5-D77E-418D-B50A-7EE5F040F819}.Ad-Hoc|x64.Build.0 = Release|Any CPU
		{B74CD9D5-D77E-418D-B50A-7EE5F040F819}.Ad-Hoc|x86.ActiveCfg = Release|Any CPU
		{B74CD9D5-D77E-418D-B50A-7EE5F040F819}.Ad-Hoc|x86.Build.0 = Release|Any CPU
		{B74CD9D5-D77E-418D-B50A-7EE5F040F819}.AppStore|Any CPU.ActiveCfg = Release|Any CPU
		{B74CD9D5-D77E-418D-B50A-7EE5F040F819}.AppStore|Any CPU.Build.0 = Release|Any CPU
		{B74CD9D5-D77E-418D-B50A-7EE5F040F819}.AppStore|ARM.ActiveCfg = Release|Any CPU
		{B74CD9D5-D77E-418D-B50A-7EE5F040F819}.AppStore|ARM.Build.0 = Release|Any CPU
		{B74CD9D5-D77E-418D-B50A-7EE5F040F819}.AppStore|iPhone.ActiveCfg = Release|Any CPU
		{B74CD9D5-D77E-418D-B50A-7EE5F040F819}.AppStore|iPhone.Build.0 = Release|Any CPU
		{B74CD9D5-D77E-418D-B50A-7EE5F040F819}.AppStore|iPhoneSimulator.ActiveCfg = Release|Any CPU
		{B74CD9D5-D77E-418D-B50A-7EE5F040F819}.AppStore|iPhoneSimulator.Build.0 = Release|Any CPU
		{B74CD9D5-D77E-418D-B50A-7EE5F040F819}.AppStore|x64.ActiveCfg = Release|Any CPU
		{B74CD9D5-D77E-418D-B50A-7EE5F040F819}.AppStore|x64.Build.0 = Release|Any CPU
		{B74CD9D5-D77E-418D-B50A-7EE5F040F819}.AppStore|x86.ActiveCfg = Release|Any CPU
		{B74CD9D5-D77E-418D-B50A-7EE5F040F819}.AppStore|x86.Build.0 = Release|Any CPU
		{B74CD9D5-D77E-418D-B50A-7EE5F040F819}.Debug|Any CPU.ActiveCfg = Debug|Any CPU
		{B74CD9D5-D77E-418D-B50A-7EE5F040F819}.Debug|Any CPU.Build.0 = Debug|Any CPU
		{B74CD9D5-D77E-418D-B50A-7EE5F040F819}.Debug|ARM.ActiveCfg = Debug|Any CPU
		{B74CD9D5-D77E-418D-B50A-7EE5F040F819}.Debug|ARM.Build.0 = Debug|Any CPU
		{B74CD9D5-D77E-418D-B50A-7EE5F040F819}.Debug|iPhone.ActiveCfg = Debug|Any CPU
		{B74CD9D5-D77E-418D-B50A-7EE5F040F819}.Debug|iPhone.Build.0 = Debug|Any CPU
		{B74CD9D5-D77E-418D-B50A-7EE5F040F819}.Debug|iPhoneSimulator.ActiveCfg = Debug|Any CPU
		{B74CD9D5-D77E-418D-B50A-7EE5F040F819}.Debug|iPhoneSimulator.Build.0 = Debug|Any CPU
		{B74CD9D5-D77E-418D-B50A-7EE5F040F819}.Debug|x64.ActiveCfg = Debug|Any CPU
		{B74CD9D5-D77E-418D-B50A-7EE5F040F819}.Debug|x64.Build.0 = Debug|Any CPU
		{B74CD9D5-D77E-418D-B50A-7EE5F040F819}.Debug|x86.ActiveCfg = Debug|Any CPU
		{B74CD9D5-D77E-418D-B50A-7EE5F040F819}.Debug|x86.Build.0 = Debug|Any CPU
		{B74CD9D5-D77E-418D-B50A-7EE5F040F819}.Release|Any CPU.ActiveCfg = Release|Any CPU
		{B74CD9D5-D77E-418D-B50A-7EE5F040F819}.Release|Any CPU.Build.0 = Release|Any CPU
		{B74CD9D5-D77E-418D-B50A-7EE5F040F819}.Release|ARM.ActiveCfg = Release|Any CPU
		{B74CD9D5-D77E-418D-B50A-7EE5F040F819}.Release|ARM.Build.0 = Release|Any CPU
		{B74CD9D5-D77E-418D-B50A-7EE5F040F819}.Release|iPhone.ActiveCfg = Release|Any CPU
		{B74CD9D5-D77E-418D-B50A-7EE5F040F819}.Release|iPhone.Build.0 = Release|Any CPU
		{B74CD9D5-D77E-418D-B50A-7EE5F040F819}.Release|iPhoneSimulator.ActiveCfg = Release|Any CPU
		{B74CD9D5-D77E-418D-B50A-7EE5F040F819}.Release|iPhoneSimulator.Build.0 = Release|Any CPU
		{B74CD9D5-D77E-418D-B50A-7EE5F040F819}.Release|x64.ActiveCfg = Release|Any CPU
		{B74CD9D5-D77E-418D-B50A-7EE5F040F819}.Release|x64.Build.0 = Release|Any CPU
		{B74CD9D5-D77E-418D-B50A-7EE5F040F819}.Release|x86.ActiveCfg = Release|Any CPU
		{B74CD9D5-D77E-418D-B50A-7EE5F040F819}.Release|x86.Build.0 = Release|Any CPU
		{B74CD9D5-D77E-418D-B50A-7EE5F040F819}.SingleImage|Any CPU.ActiveCfg = Release|Any CPU
		{B74CD9D5-D77E-418D-B50A-7EE5F040F819}.SingleImage|Any CPU.Build.0 = Release|Any CPU
		{B74CD9D5-D77E-418D-B50A-7EE5F040F819}.SingleImage|ARM.ActiveCfg = Release|Any CPU
		{B74CD9D5-D77E-418D-B50A-7EE5F040F819}.SingleImage|ARM.Build.0 = Release|Any CPU
		{B74CD9D5-D77E-418D-B50A-7EE5F040F819}.SingleImage|iPhone.ActiveCfg = Release|Any CPU
		{B74CD9D5-D77E-418D-B50A-7EE5F040F819}.SingleImage|iPhone.Build.0 = Release|Any CPU
		{B74CD9D5-D77E-418D-B50A-7EE5F040F819}.SingleImage|iPhoneSimulator.ActiveCfg = Release|Any CPU
		{B74CD9D5-D77E-418D-B50A-7EE5F040F819}.SingleImage|iPhoneSimulator.Build.0 = Release|Any CPU
		{B74CD9D5-D77E-418D-B50A-7EE5F040F819}.SingleImage|x64.ActiveCfg = Release|Any CPU
		{B74CD9D5-D77E-418D-B50A-7EE5F040F819}.SingleImage|x64.Build.0 = Release|Any CPU
		{B74CD9D5-D77E-418D-B50A-7EE5F040F819}.SingleImage|x86.ActiveCfg = Release|Any CPU
		{B74CD9D5-D77E-418D-B50A-7EE5F040F819}.SingleImage|x86.Build.0 = Release|Any CPU
	EndGlobalSection
	GlobalSection(SolutionProperties) = preSolution
		HideSolutionNode = FALSE
	EndGlobalSection
	GlobalSection(NestedProjects) = preSolution
		{5731ED79-DFC9-41D5-8A2E-82C578AD1D96} = {78D9A020-3FAD-4ABF-B002-EAEC4C4E04D3}
		{31264A50-A9B4-410C-85BB-EC81D5076747} = {78D9A020-3FAD-4ABF-B002-EAEC4C4E04D3}
		{715165A2-D015-42AE-9381-5563204F8508} = {342D511E-A811-4A7B-9369-4119DA2CDB52}
		{6EFD61BD-677E-4945-9605-3DBADB695CC1} = {E2C6CC91-A22F-4FFE-B3DD-36080763A822}
		{36F8A68E-0713-42A3-B9C3-C723B5D92922} = {E2C6CC91-A22F-4FFE-B3DD-36080763A822}
		{1B05602E-FAF6-4ABC-84C0-9749F14EBDFE} = {C3C81D6D-AB05-4A8A-BA72-7866DF0988CE}
		{F7763889-7F90-40BB-B061-27680478D0F2} = {E2C6CC91-A22F-4FFE-B3DD-36080763A822}
		{EEA6C1FF-9B03-46D1-AAC5-2CA33BD2DFF7} = {15B62501-7F97-41E8-A681-0BBB6798ACB8}
		{DE9979EE-B3D8-435A-940B-7611BC624C0E} = {15B62501-7F97-41E8-A681-0BBB6798ACB8}
		{879E02DA-5322-4E3B-A225-F4C8D23513E9} = {15B62501-7F97-41E8-A681-0BBB6798ACB8}
		{EB5C52F7-25CF-43E5-A1BC-5958EBB862EA} = {15B62501-7F97-41E8-A681-0BBB6798ACB8}
		{E8847B34-DBB6-4E0C-8B3E-841333D0D113} = {15B62501-7F97-41E8-A681-0BBB6798ACB8}
		{86EABB63-9D64-425C-AEB9-0B67372ED5F8} = {15B62501-7F97-41E8-A681-0BBB6798ACB8}
		{B74CD9D5-D77E-418D-B50A-7EE5F040F819} = {342D511E-A811-4A7B-9369-4119DA2CDB52}
	EndGlobalSection
	GlobalSection(ExtensibilityGlobals) = postSolution
		EnterpriseLibraryConfigurationToolBinariesPath = packages\Unity.2.1.505.2\lib\NET35;packages\Unity.2.1.505.0\lib\NET35
	EndGlobalSection
	GlobalSection(AutomaticVersions) = postSolution
		AssemblyInfoFilePath = ..\SharedAssemblyInfo.cs
		PrimaryVersionType = AssemblyVersionAttribute
		UpdateAssemblyVersion = True
		UpdateAssemblyFileVersion = False
		UpdateAssemblyInfoVersion = False
		AssemblyVersionSettings = None.None.None.Increment
	EndGlobalSection
EndGlobal
